// !$*UTF8*$!
{
	archiveVersion = 1;
	classes = {
	};
	objectVersion = 56;
	objects = {

/* Begin PBXBuildFile section */
		36562FAB2C210B80004D1836 /* Pretendard-Bold.otf in Resources */ = {isa = PBXBuildFile; fileRef = 36562FA22C210B7F004D1836 /* Pretendard-Bold.otf */; };
		36562FAC2C210B80004D1836 /* Pretendard-ExtraBold.otf in Resources */ = {isa = PBXBuildFile; fileRef = 36562FA32C210B7F004D1836 /* Pretendard-ExtraBold.otf */; };
		36562FAD2C210B80004D1836 /* Pretendard-SemiBold.otf in Resources */ = {isa = PBXBuildFile; fileRef = 36562FA42C210B7F004D1836 /* Pretendard-SemiBold.otf */; };
		36562FAE2C210B80004D1836 /* Pretendard-Black.otf in Resources */ = {isa = PBXBuildFile; fileRef = 36562FA52C210B7F004D1836 /* Pretendard-Black.otf */; };
		36562FAF2C210B80004D1836 /* Pretendard-Medium.otf in Resources */ = {isa = PBXBuildFile; fileRef = 36562FA62C210B80004D1836 /* Pretendard-Medium.otf */; };
		36562FB02C210B80004D1836 /* Pretendard-ExtraLight.otf in Resources */ = {isa = PBXBuildFile; fileRef = 36562FA72C210B80004D1836 /* Pretendard-ExtraLight.otf */; };
		36562FB12C210B80004D1836 /* Pretendard-Regular.otf in Resources */ = {isa = PBXBuildFile; fileRef = 36562FA82C210B80004D1836 /* Pretendard-Regular.otf */; };
		36562FB22C210B80004D1836 /* Pretendard-Thin.otf in Resources */ = {isa = PBXBuildFile; fileRef = 36562FA92C210B80004D1836 /* Pretendard-Thin.otf */; };
		36562FB32C210B80004D1836 /* Pretendard-Light.otf in Resources */ = {isa = PBXBuildFile; fileRef = 36562FAA2C210B80004D1836 /* Pretendard-Light.otf */; };
		36562FB52C210BA6004D1836 /* FontExtension.swift in Sources */ = {isa = PBXBuildFile; fileRef = 36562FB42C210BA6004D1836 /* FontExtension.swift */; };
		366057A52BC41C80004F8216 /* SignStore.swift in Sources */ = {isa = PBXBuildFile; fileRef = 366057A42BC41C80004F8216 /* SignStore.swift */; };
		3663D3DC2BE317EE007AA77A /* GoogleSignIn in Frameworks */ = {isa = PBXBuildFile; productRef = 3663D3DB2BE317EE007AA77A /* GoogleSignIn */; };
		3663D3DE2BE317EE007AA77A /* GoogleSignInSwift in Frameworks */ = {isa = PBXBuildFile; productRef = 3663D3DD2BE317EE007AA77A /* GoogleSignInSwift */; };
		3663D3E02BE31A0A007AA77A /* ColorExtension.swift in Sources */ = {isa = PBXBuildFile; fileRef = 3663D3DF2BE31A0A007AA77A /* ColorExtension.swift */; };
		36CBA1532BC45C510073C50C /* SignView.swift in Sources */ = {isa = PBXBuildFile; fileRef = 36CBA1522BC45C510073C50C /* SignView.swift */; };
		36EAD7362C05CB970052FB6F /* AppleSignInButton.swift in Sources */ = {isa = PBXBuildFile; fileRef = 36EAD7352C05CB970052FB6F /* AppleSignInButton.swift */; };
		36EB01652BC400E400050CC7 /* SachosaengApp.swift in Sources */ = {isa = PBXBuildFile; fileRef = 36EB01642BC400E400050CC7 /* SachosaengApp.swift */; };
		36EB01672BC400E400050CC7 /* ContentView.swift in Sources */ = {isa = PBXBuildFile; fileRef = 36EB01662BC400E400050CC7 /* ContentView.swift */; };
		36EB01692BC400E500050CC7 /* Assets.xcassets in Resources */ = {isa = PBXBuildFile; fileRef = 36EB01682BC400E500050CC7 /* Assets.xcassets */; };
		36EB016C2BC400E500050CC7 /* Preview Assets.xcassets in Resources */ = {isa = PBXBuildFile; fileRef = 36EB016B2BC400E500050CC7 /* Preview Assets.xcassets */; };
		36EB01762BC4030B00050CC7 /* KakaoSDK in Frameworks */ = {isa = PBXBuildFile; productRef = 36EB01752BC4030B00050CC7 /* KakaoSDK */; };
		36EB01782BC4030B00050CC7 /* KakaoSDKAuth in Frameworks */ = {isa = PBXBuildFile; productRef = 36EB01772BC4030B00050CC7 /* KakaoSDKAuth */; };
		36EB017A2BC4030B00050CC7 /* KakaoSDKUser in Frameworks */ = {isa = PBXBuildFile; productRef = 36EB01792BC4030B00050CC7 /* KakaoSDKUser */; };
		36F8C37F2C1FFD33002B4AD7 /* Launch Screen.storyboard in Resources */ = {isa = PBXBuildFile; fileRef = 36F8C37E2C1FFD33002B4AD7 /* Launch Screen.storyboard */; };
/* End PBXBuildFile section */

/* Begin PBXFileReference section */
		36562FA22C210B7F004D1836 /* Pretendard-Bold.otf */ = {isa = PBXFileReference; lastKnownFileType = file; path = "Pretendard-Bold.otf"; sourceTree = "<group>"; };
		36562FA32C210B7F004D1836 /* Pretendard-ExtraBold.otf */ = {isa = PBXFileReference; lastKnownFileType = file; path = "Pretendard-ExtraBold.otf"; sourceTree = "<group>"; };
		36562FA42C210B7F004D1836 /* Pretendard-SemiBold.otf */ = {isa = PBXFileReference; lastKnownFileType = file; path = "Pretendard-SemiBold.otf"; sourceTree = "<group>"; };
		36562FA52C210B7F004D1836 /* Pretendard-Black.otf */ = {isa = PBXFileReference; lastKnownFileType = file; path = "Pretendard-Black.otf"; sourceTree = "<group>"; };
		36562FA62C210B80004D1836 /* Pretendard-Medium.otf */ = {isa = PBXFileReference; lastKnownFileType = file; path = "Pretendard-Medium.otf"; sourceTree = "<group>"; };
		36562FA72C210B80004D1836 /* Pretendard-ExtraLight.otf */ = {isa = PBXFileReference; lastKnownFileType = file; path = "Pretendard-ExtraLight.otf"; sourceTree = "<group>"; };
		36562FA82C210B80004D1836 /* Pretendard-Regular.otf */ = {isa = PBXFileReference; lastKnownFileType = file; path = "Pretendard-Regular.otf"; sourceTree = "<group>"; };
		36562FA92C210B80004D1836 /* Pretendard-Thin.otf */ = {isa = PBXFileReference; lastKnownFileType = file; path = "Pretendard-Thin.otf"; sourceTree = "<group>"; };
		36562FAA2C210B80004D1836 /* Pretendard-Light.otf */ = {isa = PBXFileReference; lastKnownFileType = file; path = "Pretendard-Light.otf"; sourceTree = "<group>"; };
		36562FB42C210BA6004D1836 /* FontExtension.swift */ = {isa = PBXFileReference; lastKnownFileType = sourcecode.swift; path = FontExtension.swift; sourceTree = "<group>"; };
		366057A42BC41C80004F8216 /* SignStore.swift */ = {isa = PBXFileReference; lastKnownFileType = sourcecode.swift; path = SignStore.swift; sourceTree = "<group>"; };
		3663D3DF2BE31A0A007AA77A /* ColorExtension.swift */ = {isa = PBXFileReference; lastKnownFileType = sourcecode.swift; path = ColorExtension.swift; sourceTree = "<group>"; };
		36CBA1522BC45C510073C50C /* SignView.swift */ = {isa = PBXFileReference; lastKnownFileType = sourcecode.swift; path = SignView.swift; sourceTree = "<group>"; };
		36EAD7322C05BE440052FB6F /* Sachosaeng.entitlements */ = {isa = PBXFileReference; lastKnownFileType = text.plist.entitlements; path = Sachosaeng.entitlements; sourceTree = "<group>"; };
		36EAD7352C05CB970052FB6F /* AppleSignInButton.swift */ = {isa = PBXFileReference; lastKnownFileType = sourcecode.swift; path = AppleSignInButton.swift; sourceTree = "<group>"; };
		36EB01612BC400E400050CC7 /* Sachosaeng.app */ = {isa = PBXFileReference; explicitFileType = wrapper.application; includeInIndex = 0; path = Sachosaeng.app; sourceTree = BUILT_PRODUCTS_DIR; };
		36EB01642BC400E400050CC7 /* SachosaengApp.swift */ = {isa = PBXFileReference; lastKnownFileType = sourcecode.swift; path = SachosaengApp.swift; sourceTree = "<group>"; };
		36EB01662BC400E400050CC7 /* ContentView.swift */ = {isa = PBXFileReference; lastKnownFileType = sourcecode.swift; path = ContentView.swift; sourceTree = "<group>"; };
		36EB01682BC400E500050CC7 /* Assets.xcassets */ = {isa = PBXFileReference; lastKnownFileType = folder.assetcatalog; path = Assets.xcassets; sourceTree = "<group>"; };
		36EB016B2BC400E500050CC7 /* Preview Assets.xcassets */ = {isa = PBXFileReference; lastKnownFileType = folder.assetcatalog; path = "Preview Assets.xcassets"; sourceTree = "<group>"; };
		36EB01722BC4012F00050CC7 /* Config.xcconfig */ = {isa = PBXFileReference; lastKnownFileType = text.xcconfig; path = Config.xcconfig; sourceTree = "<group>"; };
		36EB01732BC401BE00050CC7 /* Info.plist */ = {isa = PBXFileReference; lastKnownFileType = text.plist.xml; path = Info.plist; sourceTree = "<group>"; };
		36F8C37E2C1FFD33002B4AD7 /* Launch Screen.storyboard */ = {isa = PBXFileReference; lastKnownFileType = file.storyboard; path = "Launch Screen.storyboard"; sourceTree = "<group>"; };
/* End PBXFileReference section */

/* Begin PBXFrameworksBuildPhase section */
		36EB015E2BC400E400050CC7 /* Frameworks */ = {
			isa = PBXFrameworksBuildPhase;
			buildActionMask = 2147483647;
			files = (
				3663D3DE2BE317EE007AA77A /* GoogleSignInSwift in Frameworks */,
				36EB01762BC4030B00050CC7 /* KakaoSDK in Frameworks */,
				3663D3DC2BE317EE007AA77A /* GoogleSignIn in Frameworks */,
				36EB01782BC4030B00050CC7 /* KakaoSDKAuth in Frameworks */,
				36EB017A2BC4030B00050CC7 /* KakaoSDKUser in Frameworks */,
			);
			runOnlyForDeploymentPostprocessing = 0;
		};
/* End PBXFrameworksBuildPhase section */

/* Begin PBXGroup section */
		36562FA02C210AE0004D1836 /* Resource */ = {
			isa = PBXGroup;
			children = (
				36562FA12C210B65004D1836 /* Pretendard */,
			);
			path = Resource;
			sourceTree = "<group>";
		};
		36562FA12C210B65004D1836 /* Pretendard */ = {
			isa = PBXGroup;
			children = (
				36562FA52C210B7F004D1836 /* Pretendard-Black.otf */,
				36562FA22C210B7F004D1836 /* Pretendard-Bold.otf */,
				36562FA32C210B7F004D1836 /* Pretendard-ExtraBold.otf */,
				36562FA72C210B80004D1836 /* Pretendard-ExtraLight.otf */,
				36562FAA2C210B80004D1836 /* Pretendard-Light.otf */,
				36562FA62C210B80004D1836 /* Pretendard-Medium.otf */,
				36562FA82C210B80004D1836 /* Pretendard-Regular.otf */,
				36562FA42C210B7F004D1836 /* Pretendard-SemiBold.otf */,
				36562FA92C210B80004D1836 /* Pretendard-Thin.otf */,
			);
			path = Pretendard;
			sourceTree = "<group>";
		};
		366057A32BC41260004F8216 /* View */ = {
			isa = PBXGroup;
			children = (
				36EB01662BC400E400050CC7 /* ContentView.swift */,
				36CBA1522BC45C510073C50C /* SignView.swift */,
				36F8C3802C200982002B4AD7 /* Cell */,
			);
			path = View;
			sourceTree = "<group>";
		};
		366057A62BC4306C004F8216 /* ViewModel */ = {
			isa = PBXGroup;
			children = (
				366057A42BC41C80004F8216 /* SignStore.swift */,
			);
			path = ViewModel;
			sourceTree = "<group>";
		};
		36CBA1582BC45FB50073C50C /* Model */ = {
			isa = PBXGroup;
			children = (
			);
			path = Model;
			sourceTree = "<group>";
		};
		36CBA1592BC45FC00073C50C /* Config */ = {
			isa = PBXGroup;
			children = (
				36F8C37E2C1FFD33002B4AD7 /* Launch Screen.storyboard */,
				36EB01722BC4012F00050CC7 /* Config.xcconfig */,
			);
			path = Config;
			sourceTree = "<group>";
		};
		36CBA15A2BC460E80073C50C /* Extension */ = {
			isa = PBXGroup;
			children = (
				3663D3DF2BE31A0A007AA77A /* ColorExtension.swift */,
				36562FB42C210BA6004D1836 /* FontExtension.swift */,
			);
			path = Extension;
			sourceTree = "<group>";
		};
		36EB01582BC400E400050CC7 = {
			isa = PBXGroup;
			children = (
				36EB01642BC400E400050CC7 /* SachosaengApp.swift */,
				36EB01632BC400E400050CC7 /* Sachosaeng */,
				36EB01622BC400E400050CC7 /* Products */,
			);
			sourceTree = "<group>";
		};
		36EB01622BC400E400050CC7 /* Products */ = {
			isa = PBXGroup;
			children = (
				36EB01612BC400E400050CC7 /* Sachosaeng.app */,
			);
			name = Products;
			sourceTree = "<group>";
		};
		36EB01632BC400E400050CC7 /* Sachosaeng */ = {
			isa = PBXGroup;
			children = (
				36562FA02C210AE0004D1836 /* Resource */,
				36CBA15A2BC460E80073C50C /* Extension */,
				36CBA1592BC45FC00073C50C /* Config */,
				36CBA1582BC45FB50073C50C /* Model */,
				366057A62BC4306C004F8216 /* ViewModel */,
				366057A32BC41260004F8216 /* View */,
				36EB01682BC400E500050CC7 /* Assets.xcassets */,
				36EB01732BC401BE00050CC7 /* Info.plist */,
				36EAD7322C05BE440052FB6F /* Sachosaeng.entitlements */,
				36EB016A2BC400E500050CC7 /* Preview Content */,
			);
			path = Sachosaeng;
			sourceTree = "<group>";
		};
		36EB016A2BC400E500050CC7 /* Preview Content */ = {
			isa = PBXGroup;
			children = (
				36EB016B2BC400E500050CC7 /* Preview Assets.xcassets */,
			);
			path = "Preview Content";
			sourceTree = "<group>";
		};
		36F8C3802C200982002B4AD7 /* Cell */ = {
			isa = PBXGroup;
			children = (
				36EAD7352C05CB970052FB6F /* AppleSignInButton.swift */,
			);
			path = Cell;
			sourceTree = "<group>";
		};
/* End PBXGroup section */

/* Begin PBXNativeTarget section */
		36EB01602BC400E400050CC7 /* Sachosaeng */ = {
			isa = PBXNativeTarget;
			buildConfigurationList = 36EB016F2BC400E500050CC7 /* Build configuration list for PBXNativeTarget "Sachosaeng" */;
			buildPhases = (
				36EB015D2BC400E400050CC7 /* Sources */,
				36EB015E2BC400E400050CC7 /* Frameworks */,
				36EB015F2BC400E400050CC7 /* Resources */,
				36CBA14F2BC4420B0073C50C /* SwiftLint Script */,
			);
			buildRules = (
			);
			dependencies = (
			);
			name = Sachosaeng;
			packageProductDependencies = (
				36EB01752BC4030B00050CC7 /* KakaoSDK */,
				36EB01772BC4030B00050CC7 /* KakaoSDKAuth */,
				36EB01792BC4030B00050CC7 /* KakaoSDKUser */,
				3663D3DB2BE317EE007AA77A /* GoogleSignIn */,
				3663D3DD2BE317EE007AA77A /* GoogleSignInSwift */,
			);
			productName = Sachosaeng;
			productReference = 36EB01612BC400E400050CC7 /* Sachosaeng.app */;
			productType = "com.apple.product-type.application";
		};
/* End PBXNativeTarget section */

/* Begin PBXProject section */
		36EB01592BC400E400050CC7 /* Project object */ = {
			isa = PBXProject;
			attributes = {
				BuildIndependentTargetsInParallel = 1;
				LastSwiftUpdateCheck = 1530;
				LastUpgradeCheck = 1530;
				TargetAttributes = {
					36EB01602BC400E400050CC7 = {
						CreatedOnToolsVersion = 15.3;
					};
				};
			};
			buildConfigurationList = 36EB015C2BC400E400050CC7 /* Build configuration list for PBXProject "Sachosaeng" */;
			compatibilityVersion = "Xcode 14.0";
			developmentRegion = en;
			hasScannedForEncodings = 0;
			knownRegions = (
				en,
				Base,
			);
			mainGroup = 36EB01582BC400E400050CC7;
			packageReferences = (
				36EB01742BC4030B00050CC7 /* XCRemoteSwiftPackageReference "kakao-ios-sdk" */,
				3663D3DA2BE317EE007AA77A /* XCRemoteSwiftPackageReference "GoogleSignIn-iOS" */,
			);
			productRefGroup = 36EB01622BC400E400050CC7 /* Products */;
			projectDirPath = "";
			projectRoot = "";
			targets = (
				36EB01602BC400E400050CC7 /* Sachosaeng */,
			);
		};
/* End PBXProject section */

/* Begin PBXResourcesBuildPhase section */
		36EB015F2BC400E400050CC7 /* Resources */ = {
			isa = PBXResourcesBuildPhase;
			buildActionMask = 2147483647;
			files = (
				36562FB02C210B80004D1836 /* Pretendard-ExtraLight.otf in Resources */,
				36F8C37F2C1FFD33002B4AD7 /* Launch Screen.storyboard in Resources */,
				36562FAB2C210B80004D1836 /* Pretendard-Bold.otf in Resources */,
				36562FAC2C210B80004D1836 /* Pretendard-ExtraBold.otf in Resources */,
				36562FAF2C210B80004D1836 /* Pretendard-Medium.otf in Resources */,
				36562FB32C210B80004D1836 /* Pretendard-Light.otf in Resources */,
				36562FAD2C210B80004D1836 /* Pretendard-SemiBold.otf in Resources */,
				36EB016C2BC400E500050CC7 /* Preview Assets.xcassets in Resources */,
				36562FB12C210B80004D1836 /* Pretendard-Regular.otf in Resources */,
				36562FAE2C210B80004D1836 /* Pretendard-Black.otf in Resources */,
				36562FB22C210B80004D1836 /* Pretendard-Thin.otf in Resources */,
				36EB01692BC400E500050CC7 /* Assets.xcassets in Resources */,
			);
			runOnlyForDeploymentPostprocessing = 0;
		};
/* End PBXResourcesBuildPhase section */

/* Begin PBXShellScriptBuildPhase section */
		36CBA14F2BC4420B0073C50C /* SwiftLint Script */ = {
			isa = PBXShellScriptBuildPhase;
			alwaysOutOfDate = 1;
			buildActionMask = 2147483647;
			files = (
			);
			inputFileListPaths = (
			);
			inputPaths = (
			);
			name = "SwiftLint Script";
			outputFileListPaths = (
			);
			outputPaths = (
			);
			runOnlyForDeploymentPostprocessing = 0;
			shellPath = /bin/sh;
			shellScript = "
";
		};
/* End PBXShellScriptBuildPhase section */

/* Begin PBXSourcesBuildPhase section */
		36EB015D2BC400E400050CC7 /* Sources */ = {
			isa = PBXSourcesBuildPhase;
			buildActionMask = 2147483647;
			files = (
				36EB01672BC400E400050CC7 /* ContentView.swift in Sources */,
				36CBA1532BC45C510073C50C /* SignView.swift in Sources */,
				36562FB52C210BA6004D1836 /* FontExtension.swift in Sources */,
				36EB01652BC400E400050CC7 /* SachosaengApp.swift in Sources */,
				366057A52BC41C80004F8216 /* SignStore.swift in Sources */,
				36EAD7362C05CB970052FB6F /* AppleSignInButton.swift in Sources */,
				3663D3E02BE31A0A007AA77A /* ColorExtension.swift in Sources */,
			);
			runOnlyForDeploymentPostprocessing = 0;
		};
/* End PBXSourcesBuildPhase section */

/* Begin XCBuildConfiguration section */
		36EB016D2BC400E500050CC7 /* Debug */ = {
			isa = XCBuildConfiguration;
			buildSettings = {
				ALWAYS_SEARCH_USER_PATHS = NO;
				ASSETCATALOG_COMPILER_GENERATE_SWIFT_ASSET_SYMBOL_EXTENSIONS = YES;
				CLANG_ANALYZER_NONNULL = YES;
				CLANG_ANALYZER_NUMBER_OBJECT_CONVERSION = YES_AGGRESSIVE;
				CLANG_CXX_LANGUAGE_STANDARD = "gnu++20";
				CLANG_ENABLE_MODULES = YES;
				CLANG_ENABLE_OBJC_ARC = YES;
				CLANG_ENABLE_OBJC_WEAK = YES;
				CLANG_WARN_BLOCK_CAPTURE_AUTORELEASING = YES;
				CLANG_WARN_BOOL_CONVERSION = YES;
				CLANG_WARN_COMMA = YES;
				CLANG_WARN_CONSTANT_CONVERSION = YES;
				CLANG_WARN_DEPRECATED_OBJC_IMPLEMENTATIONS = YES;
				CLANG_WARN_DIRECT_OBJC_ISA_USAGE = YES_ERROR;
				CLANG_WARN_DOCUMENTATION_COMMENTS = YES;
				CLANG_WARN_EMPTY_BODY = YES;
				CLANG_WARN_ENUM_CONVERSION = YES;
				CLANG_WARN_INFINITE_RECURSION = YES;
				CLANG_WARN_INT_CONVERSION = YES;
				CLANG_WARN_NON_LITERAL_NULL_CONVERSION = YES;
				CLANG_WARN_OBJC_IMPLICIT_RETAIN_SELF = YES;
				CLANG_WARN_OBJC_LITERAL_CONVERSION = YES;
				CLANG_WARN_OBJC_ROOT_CLASS = YES_ERROR;
				CLANG_WARN_QUOTED_INCLUDE_IN_FRAMEWORK_HEADER = YES;
				CLANG_WARN_RANGE_LOOP_ANALYSIS = YES;
				CLANG_WARN_STRICT_PROTOTYPES = YES;
				CLANG_WARN_SUSPICIOUS_MOVE = YES;
				CLANG_WARN_UNGUARDED_AVAILABILITY = YES_AGGRESSIVE;
				CLANG_WARN_UNREACHABLE_CODE = YES;
				CLANG_WARN__DUPLICATE_METHOD_MATCH = YES;
				COPY_PHASE_STRIP = NO;
				DEBUG_INFORMATION_FORMAT = dwarf;
				ENABLE_STRICT_OBJC_MSGSEND = YES;
				ENABLE_TESTABILITY = YES;
				ENABLE_USER_SCRIPT_SANDBOXING = YES;
				GCC_C_LANGUAGE_STANDARD = gnu17;
				GCC_DYNAMIC_NO_PIC = NO;
				GCC_NO_COMMON_BLOCKS = YES;
				GCC_OPTIMIZATION_LEVEL = 0;
				GCC_PREPROCESSOR_DEFINITIONS = (
					"DEBUG=1",
					"$(inherited)",
				);
				GCC_WARN_64_TO_32_BIT_CONVERSION = YES;
				GCC_WARN_ABOUT_RETURN_TYPE = YES_ERROR;
				GCC_WARN_UNDECLARED_SELECTOR = YES;
				GCC_WARN_UNINITIALIZED_AUTOS = YES_AGGRESSIVE;
				GCC_WARN_UNUSED_FUNCTION = YES;
				GCC_WARN_UNUSED_VARIABLE = YES;
				IPHONEOS_DEPLOYMENT_TARGET = 15.0;
				LOCALIZATION_PREFERS_STRING_CATALOGS = YES;
				MTL_ENABLE_DEBUG_INFO = INCLUDE_SOURCE;
				MTL_FAST_MATH = YES;
				ONLY_ACTIVE_ARCH = YES;
				SDKROOT = iphoneos;
				SWIFT_ACTIVE_COMPILATION_CONDITIONS = "DEBUG $(inherited)";
				SWIFT_OPTIMIZATION_LEVEL = "-Onone";
			};
			name = Debug;
		};
		36EB016E2BC400E500050CC7 /* Release */ = {
			isa = XCBuildConfiguration;
			buildSettings = {
				ALWAYS_SEARCH_USER_PATHS = NO;
				ASSETCATALOG_COMPILER_GENERATE_SWIFT_ASSET_SYMBOL_EXTENSIONS = YES;
				CLANG_ANALYZER_NONNULL = YES;
				CLANG_ANALYZER_NUMBER_OBJECT_CONVERSION = YES_AGGRESSIVE;
				CLANG_CXX_LANGUAGE_STANDARD = "gnu++20";
				CLANG_ENABLE_MODULES = YES;
				CLANG_ENABLE_OBJC_ARC = YES;
				CLANG_ENABLE_OBJC_WEAK = YES;
				CLANG_WARN_BLOCK_CAPTURE_AUTORELEASING = YES;
				CLANG_WARN_BOOL_CONVERSION = YES;
				CLANG_WARN_COMMA = YES;
				CLANG_WARN_CONSTANT_CONVERSION = YES;
				CLANG_WARN_DEPRECATED_OBJC_IMPLEMENTATIONS = YES;
				CLANG_WARN_DIRECT_OBJC_ISA_USAGE = YES_ERROR;
				CLANG_WARN_DOCUMENTATION_COMMENTS = YES;
				CLANG_WARN_EMPTY_BODY = YES;
				CLANG_WARN_ENUM_CONVERSION = YES;
				CLANG_WARN_INFINITE_RECURSION = YES;
				CLANG_WARN_INT_CONVERSION = YES;
				CLANG_WARN_NON_LITERAL_NULL_CONVERSION = YES;
				CLANG_WARN_OBJC_IMPLICIT_RETAIN_SELF = YES;
				CLANG_WARN_OBJC_LITERAL_CONVERSION = YES;
				CLANG_WARN_OBJC_ROOT_CLASS = YES_ERROR;
				CLANG_WARN_QUOTED_INCLUDE_IN_FRAMEWORK_HEADER = YES;
				CLANG_WARN_RANGE_LOOP_ANALYSIS = YES;
				CLANG_WARN_STRICT_PROTOTYPES = YES;
				CLANG_WARN_SUSPICIOUS_MOVE = YES;
				CLANG_WARN_UNGUARDED_AVAILABILITY = YES_AGGRESSIVE;
				CLANG_WARN_UNREACHABLE_CODE = YES;
				CLANG_WARN__DUPLICATE_METHOD_MATCH = YES;
				COPY_PHASE_STRIP = NO;
				DEBUG_INFORMATION_FORMAT = "dwarf-with-dsym";
				ENABLE_NS_ASSERTIONS = NO;
				ENABLE_STRICT_OBJC_MSGSEND = YES;
				ENABLE_USER_SCRIPT_SANDBOXING = YES;
				GCC_C_LANGUAGE_STANDARD = gnu17;
				GCC_NO_COMMON_BLOCKS = YES;
				GCC_WARN_64_TO_32_BIT_CONVERSION = YES;
				GCC_WARN_ABOUT_RETURN_TYPE = YES_ERROR;
				GCC_WARN_UNDECLARED_SELECTOR = YES;
				GCC_WARN_UNINITIALIZED_AUTOS = YES_AGGRESSIVE;
				GCC_WARN_UNUSED_FUNCTION = YES;
				GCC_WARN_UNUSED_VARIABLE = YES;
				IPHONEOS_DEPLOYMENT_TARGET = 15.0;
				LOCALIZATION_PREFERS_STRING_CATALOGS = YES;
				MTL_ENABLE_DEBUG_INFO = NO;
				MTL_FAST_MATH = YES;
				SDKROOT = iphoneos;
				SWIFT_COMPILATION_MODE = wholemodule;
				VALIDATE_PRODUCT = YES;
			};
			name = Release;
		};
		36EB01702BC400E500050CC7 /* Debug */ = {
			isa = XCBuildConfiguration;
			baseConfigurationReference = 36EB01722BC4012F00050CC7 /* Config.xcconfig */;
			buildSettings = {
				ASSETCATALOG_COMPILER_APPICON_NAME = AppIcon;
				ASSETCATALOG_COMPILER_GLOBAL_ACCENT_COLOR_NAME = AccentColor;
				CODE_SIGN_ENTITLEMENTS = Sachosaeng/Sachosaeng.entitlements;
				CODE_SIGN_STYLE = Automatic;
				CURRENT_PROJECT_VERSION = 1;
				DEVELOPMENT_ASSET_PATHS = "\"Sachosaeng/Preview Content\"";
				DEVELOPMENT_TEAM = DZLBBL27FT;
				ENABLE_PREVIEWS = YES;
				ENABLE_USER_SCRIPT_SANDBOXING = NO;
				GENERATE_INFOPLIST_FILE = YES;
				INFOPLIST_FILE = Sachosaeng/Info.plist;
				INFOPLIST_KEY_CFBundleDisplayName = "";
				INFOPLIST_KEY_LSApplicationCategoryType = "";
				INFOPLIST_KEY_UIApplicationSceneManifest_Generation = YES;
				INFOPLIST_KEY_UIApplicationSupportsIndirectInputEvents = YES;
				INFOPLIST_KEY_UILaunchStoryboardName = "Launch Screen.storyboard";
				INFOPLIST_KEY_UISupportedInterfaceOrientations_iPad = "UIInterfaceOrientationPortrait UIInterfaceOrientationPortraitUpsideDown UIInterfaceOrientationLandscapeLeft UIInterfaceOrientationLandscapeRight";
				INFOPLIST_KEY_UISupportedInterfaceOrientations_iPhone = "UIInterfaceOrientationPortrait UIInterfaceOrientationLandscapeLeft UIInterfaceOrientationLandscapeRight";
				IPHONEOS_DEPLOYMENT_TARGET = 17.2;
				LD_RUNPATH_SEARCH_PATHS = (
					"$(inherited)",
					"@executable_path/Frameworks",
				);
				MARKETING_VERSION = 1.0;
				PRODUCT_BUNDLE_IDENTIFIER = com.gmail.dasom8899981.Sachosaeng39043;
				PRODUCT_NAME = "$(TARGET_NAME)";
				SUPPORTED_PLATFORMS = "iphoneos iphonesimulator";
				SUPPORTS_MACCATALYST = NO;
				SUPPORTS_MAC_DESIGNED_FOR_IPHONE_IPAD = NO;
				SUPPORTS_XR_DESIGNED_FOR_IPHONE_IPAD = NO;
				SWIFT_EMIT_LOC_STRINGS = YES;
				SWIFT_VERSION = 5.0;
				TARGETED_DEVICE_FAMILY = 1;
			};
			name = Debug;
		};
		36EB01712BC400E500050CC7 /* Release */ = {
			isa = XCBuildConfiguration;
			baseConfigurationReference = 36EB01722BC4012F00050CC7 /* Config.xcconfig */;
			buildSettings = {
				ASSETCATALOG_COMPILER_APPICON_NAME = AppIcon;
				ASSETCATALOG_COMPILER_GLOBAL_ACCENT_COLOR_NAME = AccentColor;
				CODE_SIGN_ENTITLEMENTS = Sachosaeng/Sachosaeng.entitlements;
				CODE_SIGN_STYLE = Automatic;
				CURRENT_PROJECT_VERSION = 1;
				DEVELOPMENT_ASSET_PATHS = "\"Sachosaeng/Preview Content\"";
				DEVELOPMENT_TEAM = DZLBBL27FT;
				ENABLE_PREVIEWS = YES;
				ENABLE_USER_SCRIPT_SANDBOXING = NO;
				GENERATE_INFOPLIST_FILE = YES;
				INFOPLIST_FILE = Sachosaeng/Info.plist;
				INFOPLIST_KEY_CFBundleDisplayName = "";
				INFOPLIST_KEY_LSApplicationCategoryType = "";
				INFOPLIST_KEY_UIApplicationSceneManifest_Generation = YES;
				INFOPLIST_KEY_UIApplicationSupportsIndirectInputEvents = YES;
				INFOPLIST_KEY_UILaunchStoryboardName = "Launch Screen.storyboard";
				INFOPLIST_KEY_UISupportedInterfaceOrientations_iPad = "UIInterfaceOrientationPortrait UIInterfaceOrientationPortraitUpsideDown UIInterfaceOrientationLandscapeLeft UIInterfaceOrientationLandscapeRight";
				INFOPLIST_KEY_UISupportedInterfaceOrientations_iPhone = "UIInterfaceOrientationPortrait UIInterfaceOrientationLandscapeLeft UIInterfaceOrientationLandscapeRight";
				IPHONEOS_DEPLOYMENT_TARGET = 17.2;
				LD_RUNPATH_SEARCH_PATHS = (
					"$(inherited)",
					"@executable_path/Frameworks",
				);
				MARKETING_VERSION = 1.0;
				PRODUCT_BUNDLE_IDENTIFIER = com.gmail.dasom8899981.Sachosaeng39043;
				PRODUCT_NAME = "$(TARGET_NAME)";
				SUPPORTED_PLATFORMS = "iphoneos iphonesimulator";
				SUPPORTS_MACCATALYST = NO;
				SUPPORTS_MAC_DESIGNED_FOR_IPHONE_IPAD = NO;
				SUPPORTS_XR_DESIGNED_FOR_IPHONE_IPAD = NO;
				SWIFT_EMIT_LOC_STRINGS = YES;
				SWIFT_VERSION = 5.0;
				TARGETED_DEVICE_FAMILY = 1;
			};
			name = Release;
		};
/* End XCBuildConfiguration section */

/* Begin XCConfigurationList section */
		36EB015C2BC400E400050CC7 /* Build configuration list for PBXProject "Sachosaeng" */ = {
			isa = XCConfigurationList;
			buildConfigurations = (
				36EB016D2BC400E500050CC7 /* Debug */,
				36EB016E2BC400E500050CC7 /* Release */,
			);
			defaultConfigurationIsVisible = 0;
			defaultConfigurationName = Release;
		};
		36EB016F2BC400E500050CC7 /* Build configuration list for PBXNativeTarget "Sachosaeng" */ = {
			isa = XCConfigurationList;
			buildConfigurations = (
				36EB01702BC400E500050CC7 /* Debug */,
				36EB01712BC400E500050CC7 /* Release */,
			);
			defaultConfigurationIsVisible = 0;
			defaultConfigurationName = Release;
		};
/* End XCConfigurationList section */

/* Begin XCRemoteSwiftPackageReference section */
		3663D3DA2BE317EE007AA77A /* XCRemoteSwiftPackageReference "GoogleSignIn-iOS" */ = {
			isa = XCRemoteSwiftPackageReference;
			repositoryURL = "https://github.com/google/GoogleSignIn-iOS";
			requirement = {
				kind = upToNextMajorVersion;
				minimumVersion = 7.1.0;
			};
		};
		36EB01742BC4030B00050CC7 /* XCRemoteSwiftPackageReference "kakao-ios-sdk" */ = {
			isa = XCRemoteSwiftPackageReference;
			repositoryURL = "https://github.com/kakao/kakao-ios-sdk";
			requirement = {
				kind = upToNextMajorVersion;
				minimumVersion = 2.22.0;
			};
		};
/* End XCRemoteSwiftPackageReference section */

/* Begin XCSwiftPackageProductDependency section */
		3663D3DB2BE317EE007AA77A /* GoogleSignIn */ = {
			isa = XCSwiftPackageProductDependency;
			package = 3663D3DA2BE317EE007AA77A /* XCRemoteSwiftPackageReference "GoogleSignIn-iOS" */;
			productName = GoogleSignIn;
		};
		3663D3DD2BE317EE007AA77A /* GoogleSignInSwift */ = {
			isa = XCSwiftPackageProductDependency;
			package = 3663D3DA2BE317EE007AA77A /* XCRemoteSwiftPackageReference "GoogleSignIn-iOS" */;
			productName = GoogleSignInSwift;
		};
		36EB01752BC4030B00050CC7 /* KakaoSDK */ = {
			isa = XCSwiftPackageProductDependency;
			package = 36EB01742BC4030B00050CC7 /* XCRemoteSwiftPackageReference "kakao-ios-sdk" */;
			productName = KakaoSDK;
		};
		36EB01772BC4030B00050CC7 /* KakaoSDKAuth */ = {
			isa = XCSwiftPackageProductDependency;
			package = 36EB01742BC4030B00050CC7 /* XCRemoteSwiftPackageReference "kakao-ios-sdk" */;
			productName = KakaoSDKAuth;
		};
		36EB01792BC4030B00050CC7 /* KakaoSDKUser */ = {
			isa = XCSwiftPackageProductDependency;
			package = 36EB01742BC4030B00050CC7 /* XCRemoteSwiftPackageReference "kakao-ios-sdk" */;
			productName = KakaoSDKUser;
		};
/* End XCSwiftPackageProductDependency section */
	};
	rootObject = 36EB01592BC400E400050CC7 /* Project object */;
}
