// !$*UTF8*$!
{
	archiveVersion = 1;
	classes = {
	};
	objectVersion = 56;
	objects = {

/* Begin PBXBuildFile section */
		360B0CC12CA1D08900524C98 /* BookmarkDeleteView.swift in Sources */ = {isa = PBXBuildFile; fileRef = 360B0CC02CA1D08900524C98 /* BookmarkDeleteView.swift */; };
		360B0CC32CA1E2FC00524C98 /* Image+.swift in Sources */ = {isa = PBXBuildFile; fileRef = 360B0CC22CA1E2FC00524C98 /* Image+.swift */; };
		360C2B1C2C35890D0000C0F8 /* Category.swift in Sources */ = {isa = PBXBuildFile; fileRef = 360C2B1B2C35890D0000C0F8 /* Category.swift */; };
		360C2B202C35893B0000C0F8 /* CategoryStore.swift in Sources */ = {isa = PBXBuildFile; fileRef = 360C2B1F2C35893B0000C0F8 /* CategoryStore.swift */; };
		360C2B222C37184E0000C0F8 /* User.swift in Sources */ = {isa = PBXBuildFile; fileRef = 360C2B212C37184E0000C0F8 /* User.swift */; };
		360C2B242C3718D80000C0F8 /* UserInfoStore.swift in Sources */ = {isa = PBXBuildFile; fileRef = 360C2B232C3718D80000C0F8 /* UserInfoStore.swift */; };
		360C2B272C372F330000C0F8 /* MyPageView.swift in Sources */ = {isa = PBXBuildFile; fileRef = 360C2B262C372F330000C0F8 /* MyPageView.swift */; };
		3619C66A2CCB681E002ABDBA /* RegisteredVoteView.swift in Sources */ = {isa = PBXBuildFile; fileRef = 3619C6692CCB681E002ABDBA /* RegisteredVoteView.swift */; };
		3622FA182C9C5763000FDE03 /* DailyVoteDetailView.swift in Sources */ = {isa = PBXBuildFile; fileRef = 3622FA172C9C5763000FDE03 /* DailyVoteDetailView.swift */; };
		362659842C92C17400A833BE /* InformationBookmarkCell.swift in Sources */ = {isa = PBXBuildFile; fileRef = 362659832C92C17400A833BE /* InformationBookmarkCell.swift */; };
		362E14AC2C7AEB4700C053AB /* VoteCell.swift in Sources */ = {isa = PBXBuildFile; fileRef = 362E14AB2C7AEB4700C053AB /* VoteCell.swift */; };
		363B66782C25A7E30098B0C1 /* SignSuccessView.swift in Sources */ = {isa = PBXBuildFile; fileRef = 363B66772C25A7E30098B0C1 /* SignSuccessView.swift */; };
		363EFB642C832710009A70DA /* Information.swift in Sources */ = {isa = PBXBuildFile; fileRef = 363EFB632C832710009A70DA /* Information.swift */; };
		363EFB662C834353009A70DA /* InformationView.swift in Sources */ = {isa = PBXBuildFile; fileRef = 363EFB652C834353009A70DA /* InformationView.swift */; };
		36455ED42CACEDE90006583B /* FirebaseAnalytics in Frameworks */ = {isa = PBXBuildFile; productRef = 36455ED32CACEDE90006583B /* FirebaseAnalytics */; };
		36455ED72CACFEA80006583B /* FirebaseCrashlytics in Frameworks */ = {isa = PBXBuildFile; productRef = 36455ED62CACFEA80006583B /* FirebaseCrashlytics */; };
		36455ED92CAD40280006583B /* AnalyticsService.swift in Sources */ = {isa = PBXBuildFile; fileRef = 36455ED82CAD40280006583B /* AnalyticsService.swift */; };
		36455EDB2CAD8B360006583B /* GoogleService-Info.plist in Resources */ = {isa = PBXBuildFile; fileRef = 36455EDA2CAD8B360006583B /* GoogleService-Info.plist */; };
		364753A72C247F9100316779 /* CustomSliderProgressBarView.swift in Sources */ = {isa = PBXBuildFile; fileRef = 364753A62C247F9100316779 /* CustomSliderProgressBarView.swift */; };
		364E84FB2CC9FDD300EEDAF5 /* VoteHistoryView.swift in Sources */ = {isa = PBXBuildFile; fileRef = 364E84FA2CC9FDD300EEDAF5 /* VoteHistoryView.swift */; };
		364E84FD2CCA212600EEDAF5 /* History.swift in Sources */ = {isa = PBXBuildFile; fileRef = 364E84FC2CCA212600EEDAF5 /* History.swift */; };
		36562FAB2C210B80004D1836 /* Pretendard-Bold.otf in Resources */ = {isa = PBXBuildFile; fileRef = 36562FA22C210B7F004D1836 /* Pretendard-Bold.otf */; };
		36562FAC2C210B80004D1836 /* Pretendard-ExtraBold.otf in Resources */ = {isa = PBXBuildFile; fileRef = 36562FA32C210B7F004D1836 /* Pretendard-ExtraBold.otf */; };
		36562FAD2C210B80004D1836 /* Pretendard-SemiBold.otf in Resources */ = {isa = PBXBuildFile; fileRef = 36562FA42C210B7F004D1836 /* Pretendard-SemiBold.otf */; };
		36562FAE2C210B80004D1836 /* Pretendard-Black.otf in Resources */ = {isa = PBXBuildFile; fileRef = 36562FA52C210B7F004D1836 /* Pretendard-Black.otf */; };
		36562FAF2C210B80004D1836 /* Pretendard-Medium.otf in Resources */ = {isa = PBXBuildFile; fileRef = 36562FA62C210B80004D1836 /* Pretendard-Medium.otf */; };
		36562FB02C210B80004D1836 /* Pretendard-ExtraLight.otf in Resources */ = {isa = PBXBuildFile; fileRef = 36562FA72C210B80004D1836 /* Pretendard-ExtraLight.otf */; };
		36562FB12C210B80004D1836 /* Pretendard-Regular.otf in Resources */ = {isa = PBXBuildFile; fileRef = 36562FA82C210B80004D1836 /* Pretendard-Regular.otf */; };
		36562FB22C210B80004D1836 /* Pretendard-Thin.otf in Resources */ = {isa = PBXBuildFile; fileRef = 36562FA92C210B80004D1836 /* Pretendard-Thin.otf */; };
		36562FB32C210B80004D1836 /* Pretendard-Light.otf in Resources */ = {isa = PBXBuildFile; fileRef = 36562FAA2C210B80004D1836 /* Pretendard-Light.otf */; };
		36562FB52C210BA6004D1836 /* FontExtension.swift in Sources */ = {isa = PBXBuildFile; fileRef = 36562FB42C210BA6004D1836 /* FontExtension.swift */; };
		365A12062C388EC500C18796 /* ViewModifier.swift in Sources */ = {isa = PBXBuildFile; fileRef = 365A12052C388EC500C18796 /* ViewModifier.swift */; };
		365B5D592C9D6F2D00AB851D /* TabBarStore.swift in Sources */ = {isa = PBXBuildFile; fileRef = 365B5D582C9D6F2D00AB851D /* TabBarStore.swift */; };
		365B5D5C2C9DCB0D00AB851D /* FavoriteCategoryView.swift in Sources */ = {isa = PBXBuildFile; fileRef = 365B5D5B2C9DCB0D00AB851D /* FavoriteCategoryView.swift */; };
		366053A72C533E03000A1D8D /* CustomTextField.swift in Sources */ = {isa = PBXBuildFile; fileRef = 366053A62C533E03000A1D8D /* CustomTextField.swift */; };
		366053A92C538210000A1D8D /* CustomTextEditor.swift in Sources */ = {isa = PBXBuildFile; fileRef = 366053A82C538210000A1D8D /* CustomTextEditor.swift */; };
		366053AB2C53A243000A1D8D /* PathType.swift in Sources */ = {isa = PBXBuildFile; fileRef = 366053AA2C53A243000A1D8D /* PathType.swift */; };
		366057A52BC41C80004F8216 /* SignStore.swift in Sources */ = {isa = PBXBuildFile; fileRef = 366057A42BC41C80004F8216 /* SignStore.swift */; };
		3663D3DC2BE317EE007AA77A /* GoogleSignIn in Frameworks */ = {isa = PBXBuildFile; productRef = 3663D3DB2BE317EE007AA77A /* GoogleSignIn */; };
		3663D3DE2BE317EE007AA77A /* GoogleSignInSwift in Frameworks */ = {isa = PBXBuildFile; productRef = 3663D3DD2BE317EE007AA77A /* GoogleSignInSwift */; };
		3663D3E02BE31A0A007AA77A /* ColorExtension.swift in Sources */ = {isa = PBXBuildFile; fileRef = 3663D3DF2BE31A0A007AA77A /* ColorExtension.swift */; };
		366587A82C6F432E00E85259 /* UserService.swift in Sources */ = {isa = PBXBuildFile; fileRef = 366587A72C6F432E00E85259 /* UserService.swift */; };
		366587AA2C6F47D400E85259 /* AuthService.swift in Sources */ = {isa = PBXBuildFile; fileRef = 366587A92C6F47D400E85259 /* AuthService.swift */; };
		366587AC2C6FA49F00E85259 /* Auth.swift in Sources */ = {isa = PBXBuildFile; fileRef = 366587AB2C6FA49F00E85259 /* Auth.swift */; };
		36696B642C2B6900006BFCC0 /* CategoryModal.swift in Sources */ = {isa = PBXBuildFile; fileRef = 36696B632C2B6900006BFCC0 /* CategoryModal.swift */; };
		36696B6A2C2B8241006BFCC0 /* ViewExtension.swift in Sources */ = {isa = PBXBuildFile; fileRef = 36696B692C2B8241006BFCC0 /* ViewExtension.swift */; };
		366DFE732C2B43DB009CD87E /* TabView.swift in Sources */ = {isa = PBXBuildFile; fileRef = 366DFE722C2B43DB009CD87E /* TabView.swift */; };
		366DFE752C2B4B86009CD87E /* Vote.swift in Sources */ = {isa = PBXBuildFile; fileRef = 366DFE742C2B4B86009CD87E /* Vote.swift */; };
		3671E4B92C6A093800B5FAE4 /* BookmarkView.swift in Sources */ = {isa = PBXBuildFile; fileRef = 3671E4B82C6A093800B5FAE4 /* BookmarkView.swift */; };
		367B259D2C9717FF000AE532 /* Version.swift in Sources */ = {isa = PBXBuildFile; fileRef = 367B259C2C9717FF000AE532 /* Version.swift */; };
		36842BF52C2298E00023473D /* TempImageView.swift in Sources */ = {isa = PBXBuildFile; fileRef = 36842BF42C2298E00023473D /* TempImageView.swift */; };
		36842BF72C22B2CC0023473D /* UserOccupationView.swift in Sources */ = {isa = PBXBuildFile; fileRef = 36842BF62C22B2CB0023473D /* UserOccupationView.swift */; };
		36842BF92C22BA990023473D /* OccupationView.swift in Sources */ = {isa = PBXBuildFile; fileRef = 36842BF82C22BA990023473D /* OccupationView.swift */; };
		36842BFB2C22C9FF0023473D /* UserFavoriteCategoryView.swift in Sources */ = {isa = PBXBuildFile; fileRef = 36842BFA2C22C9FF0023473D /* UserFavoriteCategoryView.swift */; };
		36842BFD2C22D01A0023473D /* CommonTitle.swift in Sources */ = {isa = PBXBuildFile; fileRef = 36842BFC2C22D01A0023473D /* CommonTitle.swift */; };
		36842BFF2C22D8960023473D /* CategoryCellView.swift in Sources */ = {isa = PBXBuildFile; fileRef = 36842BFE2C22D8960023473D /* CategoryCellView.swift */; };
		3689C8EE2C87498A003A153F /* Lottie in Frameworks */ = {isa = PBXBuildFile; productRef = 3689C8ED2C87498A003A153F /* Lottie */; };
		36949FA82C514C9E009E099E /* Utility.swift in Sources */ = {isa = PBXBuildFile; fileRef = 36949FA72C514C9E009E099E /* Utility.swift */; };
		36949FAA2C515DE2009E099E /* ToastView.swift in Sources */ = {isa = PBXBuildFile; fileRef = 36949FA92C515DE2009E099E /* ToastView.swift */; };
		36949FAC2C51924C009E099E /* PopupView.swift in Sources */ = {isa = PBXBuildFile; fileRef = 36949FAB2C51924C009E099E /* PopupView.swift */; };
		36949FAE2C51CA9D009E099E /* QuitView.swift in Sources */ = {isa = PBXBuildFile; fileRef = 36949FAD2C51CA9D009E099E /* QuitView.swift */; };
		369595EF2C4FFAEB0098920D /* VoteStore.swift in Sources */ = {isa = PBXBuildFile; fileRef = 369595EE2C4FFAEB0098920D /* VoteStore.swift */; };
		369595F12C503F050098920D /* Response.swift in Sources */ = {isa = PBXBuildFile; fileRef = 369595F02C503F050098920D /* Response.swift */; };
		369595F32C50425B0098920D /* EditMyInfoView.swift in Sources */ = {isa = PBXBuildFile; fileRef = 369595F22C50425B0098920D /* EditMyInfoView.swift */; };
		3695C2C82C7B489E0057007E /* VoteDetailView.swift in Sources */ = {isa = PBXBuildFile; fileRef = 3695C2C72C7B489E0057007E /* VoteDetailView.swift */; };
		3695C2CB2C7B4FB80057007E /* VoteDescriptionView.swift in Sources */ = {isa = PBXBuildFile; fileRef = 3695C2CA2C7B4FB80057007E /* VoteDescriptionView.swift */; };
		3695C2CD2C7B4FCC0057007E /* VoteResultView.swift in Sources */ = {isa = PBXBuildFile; fileRef = 3695C2CC2C7B4FCC0057007E /* VoteResultView.swift */; };
		3695C2CF2C7B65500057007E /* VoteCellWithOutIndex.swift in Sources */ = {isa = PBXBuildFile; fileRef = 3695C2CE2C7B65500057007E /* VoteCellWithOutIndex.swift */; };
		36980CE32CA63B14002C4AB3 /* UserDefaultService.swift in Sources */ = {isa = PBXBuildFile; fileRef = 36980CE22CA63B14002C4AB3 /* UserDefaultService.swift */; };
		36980CE52CA65C13002C4AB3 /* AppleToken.swift in Sources */ = {isa = PBXBuildFile; fileRef = 36980CE42CA65C13002C4AB3 /* AppleToken.swift */; };
		36980CE72CA68113002C4AB3 /* KeychainService.swift in Sources */ = {isa = PBXBuildFile; fileRef = 36980CE62CA68113002C4AB3 /* KeychainService.swift */; };
		36980CEC2CA6B574002C4AB3 /* SkeletonView in Frameworks */ = {isa = PBXBuildFile; productRef = 36980CEB2CA6B574002C4AB3 /* SkeletonView */; };
		36980CEE2CA6B6BD002C4AB3 /* Settings.bundle in Resources */ = {isa = PBXBuildFile; fileRef = 36980CED2CA6B6BD002C4AB3 /* Settings.bundle */; };
		36980CF02CA786CC002C4AB3 /* MailView.swift in Sources */ = {isa = PBXBuildFile; fileRef = 36980CEF2CA786CC002C4AB3 /* MailView.swift */; };
		36980CF22CA78F93002C4AB3 /* SafariView.swift in Sources */ = {isa = PBXBuildFile; fileRef = 36980CF12CA78F93002C4AB3 /* SafariView.swift */; };
		36A61B632C95713E008C6663 /* VersionService.swift in Sources */ = {isa = PBXBuildFile; fileRef = 36A61B622C95713E008C6663 /* VersionService.swift */; };
		36A727F62C6C00E500942672 /* NetworkService.swift in Sources */ = {isa = PBXBuildFile; fileRef = 36A727F52C6C00E500942672 /* NetworkService.swift */; };
		36A81FDC2C2C8AC6006A9305 /* DailyVoteCell.swift in Sources */ = {isa = PBXBuildFile; fileRef = 36A81FDB2C2C8AC6006A9305 /* DailyVoteCell.swift */; };
		36BA204A2C294BDC006C54E6 /* HomeView.swift in Sources */ = {isa = PBXBuildFile; fileRef = 36BA20492C294BDC006C54E6 /* HomeView.swift */; };
		36C12F912C914EFF00D91394 /* VotesBookmarkCell.swift in Sources */ = {isa = PBXBuildFile; fileRef = 36C12F902C914EFF00D91394 /* VotesBookmarkCell.swift */; };
		36CBA1532BC45C510073C50C /* SignView.swift in Sources */ = {isa = PBXBuildFile; fileRef = 36CBA1522BC45C510073C50C /* SignView.swift */; };
		36CEA3222C9301A00028F9DD /* stamplottie.json in Resources */ = {isa = PBXBuildFile; fileRef = 36CEA3212C9301A00028F9DD /* stamplottie.json */; };
		36D32A012CC9181C00007638 /* Array+.swift in Sources */ = {isa = PBXBuildFile; fileRef = 36D32A002CC9181C00007638 /* Array+.swift */; };
		36D32A032CC91F7D00007638 /* Binding+.swift in Sources */ = {isa = PBXBuildFile; fileRef = 36D32A022CC91F7D00007638 /* Binding+.swift */; };
		36E3E6C22C9F064D002A4872 /* ViewTracker.swift in Sources */ = {isa = PBXBuildFile; fileRef = 36E3E6C12C9F064D002A4872 /* ViewTracker.swift */; };
		36E72F762C78D0A200D1785F /* HotVoteCell.swift in Sources */ = {isa = PBXBuildFile; fileRef = 36E72F752C78D0A200D1785F /* HotVoteCell.swift */; };
		36E72F782C78D87500D1785F /* HotVote.swift in Sources */ = {isa = PBXBuildFile; fileRef = 36E72F772C78D87500D1785F /* HotVote.swift */; };
		36EB01652BC400E400050CC7 /* SachosaengApp.swift in Sources */ = {isa = PBXBuildFile; fileRef = 36EB01642BC400E400050CC7 /* SachosaengApp.swift */; };
		36EB01672BC400E400050CC7 /* ContentView.swift in Sources */ = {isa = PBXBuildFile; fileRef = 36EB01662BC400E400050CC7 /* ContentView.swift */; };
		36EB01692BC400E500050CC7 /* Assets.xcassets in Resources */ = {isa = PBXBuildFile; fileRef = 36EB01682BC400E500050CC7 /* Assets.xcassets */; };
		36EB016C2BC400E500050CC7 /* Preview Assets.xcassets in Resources */ = {isa = PBXBuildFile; fileRef = 36EB016B2BC400E500050CC7 /* Preview Assets.xcassets */; };
		36EEB5EA2CC504DB0023DEAC /* VoteRegistrationView.swift in Sources */ = {isa = PBXBuildFile; fileRef = 36EEB5E92CC504DB0023DEAC /* VoteRegistrationView.swift */; };
		36F049B12C5B9FC400732F1A /* KakaoSDK in Frameworks */ = {isa = PBXBuildFile; productRef = 36F049B02C5B9FC400732F1A /* KakaoSDK */; };
		36F049B32C5B9FC400732F1A /* KakaoSDKAuth in Frameworks */ = {isa = PBXBuildFile; productRef = 36F049B22C5B9FC400732F1A /* KakaoSDKAuth */; };
		36F049B52C5B9FC400732F1A /* KakaoSDKCommon in Frameworks */ = {isa = PBXBuildFile; productRef = 36F049B42C5B9FC400732F1A /* KakaoSDKCommon */; };
		36F049B72C5B9FC400732F1A /* KakaoSDKUser in Frameworks */ = {isa = PBXBuildFile; productRef = 36F049B62C5B9FC400732F1A /* KakaoSDKUser */; };
		36F8C37F2C1FFD33002B4AD7 /* Launch Screen.storyboard in Resources */ = {isa = PBXBuildFile; fileRef = 36F8C37E2C1FFD33002B4AD7 /* Launch Screen.storyboard */; };
		36F8D3E62C64ED1E006E4FA2 /* ConsentView.swift in Sources */ = {isa = PBXBuildFile; fileRef = 36F8D3E52C64ED1E006E4FA2 /* ConsentView.swift */; };
		36FD59B62C8F6EE100D8979D /* BookmarkStore.swift in Sources */ = {isa = PBXBuildFile; fileRef = 36FD59B52C8F6EE100D8979D /* BookmarkStore.swift */; };
		36FD59B82C8F701200D8979D /* Bookmark.swift in Sources */ = {isa = PBXBuildFile; fileRef = 36FD59B72C8F701200D8979D /* Bookmark.swift */; };
/* End PBXBuildFile section */

/* Begin PBXFileReference section */
		360B0CC02CA1D08900524C98 /* BookmarkDeleteView.swift */ = {isa = PBXFileReference; lastKnownFileType = sourcecode.swift; path = BookmarkDeleteView.swift; sourceTree = "<group>"; };
		360B0CC22CA1E2FC00524C98 /* Image+.swift */ = {isa = PBXFileReference; lastKnownFileType = sourcecode.swift; path = "Image+.swift"; sourceTree = "<group>"; };
		360C2B1B2C35890D0000C0F8 /* Category.swift */ = {isa = PBXFileReference; lastKnownFileType = sourcecode.swift; path = Category.swift; sourceTree = "<group>"; };
		360C2B1F2C35893B0000C0F8 /* CategoryStore.swift */ = {isa = PBXFileReference; lastKnownFileType = sourcecode.swift; path = CategoryStore.swift; sourceTree = "<group>"; };
		360C2B212C37184E0000C0F8 /* User.swift */ = {isa = PBXFileReference; lastKnownFileType = sourcecode.swift; path = User.swift; sourceTree = "<group>"; };
		360C2B232C3718D80000C0F8 /* UserInfoStore.swift */ = {isa = PBXFileReference; lastKnownFileType = sourcecode.swift; path = UserInfoStore.swift; sourceTree = "<group>"; };
		360C2B262C372F330000C0F8 /* MyPageView.swift */ = {isa = PBXFileReference; lastKnownFileType = sourcecode.swift; path = MyPageView.swift; sourceTree = "<group>"; };
		3619C6692CCB681E002ABDBA /* RegisteredVoteView.swift */ = {isa = PBXFileReference; lastKnownFileType = sourcecode.swift; path = RegisteredVoteView.swift; sourceTree = "<group>"; };
		3622FA172C9C5763000FDE03 /* DailyVoteDetailView.swift */ = {isa = PBXFileReference; lastKnownFileType = sourcecode.swift; path = DailyVoteDetailView.swift; sourceTree = "<group>"; };
		362659832C92C17400A833BE /* InformationBookmarkCell.swift */ = {isa = PBXFileReference; lastKnownFileType = sourcecode.swift; path = InformationBookmarkCell.swift; sourceTree = "<group>"; };
		362E14AB2C7AEB4700C053AB /* VoteCell.swift */ = {isa = PBXFileReference; lastKnownFileType = sourcecode.swift; path = VoteCell.swift; sourceTree = "<group>"; };
		363B66772C25A7E30098B0C1 /* SignSuccessView.swift */ = {isa = PBXFileReference; lastKnownFileType = sourcecode.swift; path = SignSuccessView.swift; sourceTree = "<group>"; };
		363EFB632C832710009A70DA /* Information.swift */ = {isa = PBXFileReference; lastKnownFileType = sourcecode.swift; path = Information.swift; sourceTree = "<group>"; };
		363EFB652C834353009A70DA /* InformationView.swift */ = {isa = PBXFileReference; lastKnownFileType = sourcecode.swift; path = InformationView.swift; sourceTree = "<group>"; };
		36455ED82CAD40280006583B /* AnalyticsService.swift */ = {isa = PBXFileReference; lastKnownFileType = sourcecode.swift; path = AnalyticsService.swift; sourceTree = "<group>"; };
		36455EDA2CAD8B360006583B /* GoogleService-Info.plist */ = {isa = PBXFileReference; lastKnownFileType = text.plist.xml; path = "GoogleService-Info.plist"; sourceTree = "<group>"; };
		364753A62C247F9100316779 /* CustomSliderProgressBarView.swift */ = {isa = PBXFileReference; lastKnownFileType = sourcecode.swift; path = CustomSliderProgressBarView.swift; sourceTree = "<group>"; };
		364E84FA2CC9FDD300EEDAF5 /* VoteHistoryView.swift */ = {isa = PBXFileReference; lastKnownFileType = sourcecode.swift; path = VoteHistoryView.swift; sourceTree = "<group>"; };
		364E84FC2CCA212600EEDAF5 /* History.swift */ = {isa = PBXFileReference; lastKnownFileType = sourcecode.swift; path = History.swift; sourceTree = "<group>"; };
		36562FA22C210B7F004D1836 /* Pretendard-Bold.otf */ = {isa = PBXFileReference; lastKnownFileType = file; path = "Pretendard-Bold.otf"; sourceTree = "<group>"; };
		36562FA32C210B7F004D1836 /* Pretendard-ExtraBold.otf */ = {isa = PBXFileReference; lastKnownFileType = file; path = "Pretendard-ExtraBold.otf"; sourceTree = "<group>"; };
		36562FA42C210B7F004D1836 /* Pretendard-SemiBold.otf */ = {isa = PBXFileReference; lastKnownFileType = file; path = "Pretendard-SemiBold.otf"; sourceTree = "<group>"; };
		36562FA52C210B7F004D1836 /* Pretendard-Black.otf */ = {isa = PBXFileReference; lastKnownFileType = file; path = "Pretendard-Black.otf"; sourceTree = "<group>"; };
		36562FA62C210B80004D1836 /* Pretendard-Medium.otf */ = {isa = PBXFileReference; lastKnownFileType = file; path = "Pretendard-Medium.otf"; sourceTree = "<group>"; };
		36562FA72C210B80004D1836 /* Pretendard-ExtraLight.otf */ = {isa = PBXFileReference; lastKnownFileType = file; path = "Pretendard-ExtraLight.otf"; sourceTree = "<group>"; };
		36562FA82C210B80004D1836 /* Pretendard-Regular.otf */ = {isa = PBXFileReference; lastKnownFileType = file; path = "Pretendard-Regular.otf"; sourceTree = "<group>"; };
		36562FA92C210B80004D1836 /* Pretendard-Thin.otf */ = {isa = PBXFileReference; lastKnownFileType = file; path = "Pretendard-Thin.otf"; sourceTree = "<group>"; };
		36562FAA2C210B80004D1836 /* Pretendard-Light.otf */ = {isa = PBXFileReference; lastKnownFileType = file; path = "Pretendard-Light.otf"; sourceTree = "<group>"; };
		36562FB42C210BA6004D1836 /* FontExtension.swift */ = {isa = PBXFileReference; lastKnownFileType = sourcecode.swift; path = FontExtension.swift; sourceTree = "<group>"; };
		365A12052C388EC500C18796 /* ViewModifier.swift */ = {isa = PBXFileReference; lastKnownFileType = sourcecode.swift; path = ViewModifier.swift; sourceTree = "<group>"; };
		365B5D582C9D6F2D00AB851D /* TabBarStore.swift */ = {isa = PBXFileReference; lastKnownFileType = sourcecode.swift; path = TabBarStore.swift; sourceTree = "<group>"; };
		365B5D5B2C9DCB0D00AB851D /* FavoriteCategoryView.swift */ = {isa = PBXFileReference; lastKnownFileType = sourcecode.swift; path = FavoriteCategoryView.swift; sourceTree = "<group>"; };
		366053A62C533E03000A1D8D /* CustomTextField.swift */ = {isa = PBXFileReference; lastKnownFileType = sourcecode.swift; path = CustomTextField.swift; sourceTree = "<group>"; };
		366053A82C538210000A1D8D /* CustomTextEditor.swift */ = {isa = PBXFileReference; lastKnownFileType = sourcecode.swift; path = CustomTextEditor.swift; sourceTree = "<group>"; };
		366053AA2C53A243000A1D8D /* PathType.swift */ = {isa = PBXFileReference; lastKnownFileType = sourcecode.swift; path = PathType.swift; sourceTree = "<group>"; };
		366057A42BC41C80004F8216 /* SignStore.swift */ = {isa = PBXFileReference; lastKnownFileType = sourcecode.swift; path = SignStore.swift; sourceTree = "<group>"; };
		3663D3DF2BE31A0A007AA77A /* ColorExtension.swift */ = {isa = PBXFileReference; lastKnownFileType = sourcecode.swift; path = ColorExtension.swift; sourceTree = "<group>"; };
		366587A72C6F432E00E85259 /* UserService.swift */ = {isa = PBXFileReference; lastKnownFileType = sourcecode.swift; path = UserService.swift; sourceTree = "<group>"; };
		366587A92C6F47D400E85259 /* AuthService.swift */ = {isa = PBXFileReference; lastKnownFileType = sourcecode.swift; path = AuthService.swift; sourceTree = "<group>"; };
		366587AB2C6FA49F00E85259 /* Auth.swift */ = {isa = PBXFileReference; lastKnownFileType = sourcecode.swift; path = Auth.swift; sourceTree = "<group>"; };
		36696B632C2B6900006BFCC0 /* CategoryModal.swift */ = {isa = PBXFileReference; lastKnownFileType = sourcecode.swift; path = CategoryModal.swift; sourceTree = "<group>"; };
		36696B692C2B8241006BFCC0 /* ViewExtension.swift */ = {isa = PBXFileReference; lastKnownFileType = sourcecode.swift; path = ViewExtension.swift; sourceTree = "<group>"; };
		366DFE722C2B43DB009CD87E /* TabView.swift */ = {isa = PBXFileReference; lastKnownFileType = sourcecode.swift; path = TabView.swift; sourceTree = "<group>"; };
		366DFE742C2B4B86009CD87E /* Vote.swift */ = {isa = PBXFileReference; lastKnownFileType = sourcecode.swift; path = Vote.swift; sourceTree = "<group>"; };
		3671E4B82C6A093800B5FAE4 /* BookmarkView.swift */ = {isa = PBXFileReference; lastKnownFileType = sourcecode.swift; path = BookmarkView.swift; sourceTree = "<group>"; };
		367B259C2C9717FF000AE532 /* Version.swift */ = {isa = PBXFileReference; lastKnownFileType = sourcecode.swift; path = Version.swift; sourceTree = "<group>"; };
		36842BF42C2298E00023473D /* TempImageView.swift */ = {isa = PBXFileReference; lastKnownFileType = sourcecode.swift; path = TempImageView.swift; sourceTree = "<group>"; };
		36842BF62C22B2CB0023473D /* UserOccupationView.swift */ = {isa = PBXFileReference; lastKnownFileType = sourcecode.swift; path = UserOccupationView.swift; sourceTree = "<group>"; };
		36842BF82C22BA990023473D /* OccupationView.swift */ = {isa = PBXFileReference; lastKnownFileType = sourcecode.swift; path = OccupationView.swift; sourceTree = "<group>"; };
		36842BFA2C22C9FF0023473D /* UserFavoriteCategoryView.swift */ = {isa = PBXFileReference; lastKnownFileType = sourcecode.swift; path = UserFavoriteCategoryView.swift; sourceTree = "<group>"; };
		36842BFC2C22D01A0023473D /* CommonTitle.swift */ = {isa = PBXFileReference; lastKnownFileType = sourcecode.swift; path = CommonTitle.swift; sourceTree = "<group>"; };
		36842BFE2C22D8960023473D /* CategoryCellView.swift */ = {isa = PBXFileReference; lastKnownFileType = sourcecode.swift; path = CategoryCellView.swift; sourceTree = "<group>"; };
		36949FA72C514C9E009E099E /* Utility.swift */ = {isa = PBXFileReference; lastKnownFileType = sourcecode.swift; path = Utility.swift; sourceTree = "<group>"; };
		36949FA92C515DE2009E099E /* ToastView.swift */ = {isa = PBXFileReference; lastKnownFileType = sourcecode.swift; path = ToastView.swift; sourceTree = "<group>"; };
		36949FAB2C51924C009E099E /* PopupView.swift */ = {isa = PBXFileReference; lastKnownFileType = sourcecode.swift; path = PopupView.swift; sourceTree = "<group>"; };
		36949FAD2C51CA9D009E099E /* QuitView.swift */ = {isa = PBXFileReference; lastKnownFileType = sourcecode.swift; path = QuitView.swift; sourceTree = "<group>"; };
		369595EE2C4FFAEB0098920D /* VoteStore.swift */ = {isa = PBXFileReference; lastKnownFileType = sourcecode.swift; path = VoteStore.swift; sourceTree = "<group>"; };
		369595F02C503F050098920D /* Response.swift */ = {isa = PBXFileReference; lastKnownFileType = sourcecode.swift; path = Response.swift; sourceTree = "<group>"; };
		369595F22C50425B0098920D /* EditMyInfoView.swift */ = {isa = PBXFileReference; lastKnownFileType = sourcecode.swift; path = EditMyInfoView.swift; sourceTree = "<group>"; };
		3695C2C72C7B489E0057007E /* VoteDetailView.swift */ = {isa = PBXFileReference; lastKnownFileType = sourcecode.swift; path = VoteDetailView.swift; sourceTree = "<group>"; };
		3695C2CA2C7B4FB80057007E /* VoteDescriptionView.swift */ = {isa = PBXFileReference; lastKnownFileType = sourcecode.swift; path = VoteDescriptionView.swift; sourceTree = "<group>"; };
		3695C2CC2C7B4FCC0057007E /* VoteResultView.swift */ = {isa = PBXFileReference; lastKnownFileType = sourcecode.swift; path = VoteResultView.swift; sourceTree = "<group>"; };
		3695C2CE2C7B65500057007E /* VoteCellWithOutIndex.swift */ = {isa = PBXFileReference; lastKnownFileType = sourcecode.swift; path = VoteCellWithOutIndex.swift; sourceTree = "<group>"; };
		36980CE22CA63B14002C4AB3 /* UserDefaultService.swift */ = {isa = PBXFileReference; lastKnownFileType = sourcecode.swift; path = UserDefaultService.swift; sourceTree = "<group>"; };
		36980CE42CA65C13002C4AB3 /* AppleToken.swift */ = {isa = PBXFileReference; lastKnownFileType = sourcecode.swift; path = AppleToken.swift; sourceTree = "<group>"; };
		36980CE62CA68113002C4AB3 /* KeychainService.swift */ = {isa = PBXFileReference; lastKnownFileType = sourcecode.swift; path = KeychainService.swift; sourceTree = "<group>"; };
		36980CED2CA6B6BD002C4AB3 /* Settings.bundle */ = {isa = PBXFileReference; lastKnownFileType = "wrapper.plug-in"; path = Settings.bundle; sourceTree = "<group>"; };
		36980CEF2CA786CC002C4AB3 /* MailView.swift */ = {isa = PBXFileReference; lastKnownFileType = sourcecode.swift; path = MailView.swift; sourceTree = "<group>"; };
		36980CF12CA78F93002C4AB3 /* SafariView.swift */ = {isa = PBXFileReference; lastKnownFileType = sourcecode.swift; path = SafariView.swift; sourceTree = "<group>"; };
		36A61B622C95713E008C6663 /* VersionService.swift */ = {isa = PBXFileReference; lastKnownFileType = sourcecode.swift; path = VersionService.swift; sourceTree = "<group>"; };
		36A727F52C6C00E500942672 /* NetworkService.swift */ = {isa = PBXFileReference; lastKnownFileType = sourcecode.swift; path = NetworkService.swift; sourceTree = "<group>"; };
		36A81FDB2C2C8AC6006A9305 /* DailyVoteCell.swift */ = {isa = PBXFileReference; lastKnownFileType = sourcecode.swift; path = DailyVoteCell.swift; sourceTree = "<group>"; };
		36BA20492C294BDC006C54E6 /* HomeView.swift */ = {isa = PBXFileReference; lastKnownFileType = sourcecode.swift; path = HomeView.swift; sourceTree = "<group>"; };
		36C12F902C914EFF00D91394 /* VotesBookmarkCell.swift */ = {isa = PBXFileReference; lastKnownFileType = sourcecode.swift; path = VotesBookmarkCell.swift; sourceTree = "<group>"; };
		36CBA1522BC45C510073C50C /* SignView.swift */ = {isa = PBXFileReference; lastKnownFileType = sourcecode.swift; path = SignView.swift; sourceTree = "<group>"; };
		36CEA3212C9301A00028F9DD /* stamplottie.json */ = {isa = PBXFileReference; fileEncoding = 4; lastKnownFileType = text.json; path = stamplottie.json; sourceTree = "<group>"; };
		36D32A002CC9181C00007638 /* Array+.swift */ = {isa = PBXFileReference; lastKnownFileType = sourcecode.swift; path = "Array+.swift"; sourceTree = "<group>"; };
		36D32A022CC91F7D00007638 /* Binding+.swift */ = {isa = PBXFileReference; lastKnownFileType = sourcecode.swift; path = "Binding+.swift"; sourceTree = "<group>"; };
		36E3E6C12C9F064D002A4872 /* ViewTracker.swift */ = {isa = PBXFileReference; lastKnownFileType = sourcecode.swift; path = ViewTracker.swift; sourceTree = "<group>"; };
		36E72F752C78D0A200D1785F /* HotVoteCell.swift */ = {isa = PBXFileReference; lastKnownFileType = sourcecode.swift; path = HotVoteCell.swift; sourceTree = "<group>"; };
		36E72F772C78D87500D1785F /* HotVote.swift */ = {isa = PBXFileReference; lastKnownFileType = sourcecode.swift; path = HotVote.swift; sourceTree = "<group>"; };
		36EAD7322C05BE440052FB6F /* Sachosaeng.entitlements */ = {isa = PBXFileReference; lastKnownFileType = text.plist.entitlements; path = Sachosaeng.entitlements; sourceTree = "<group>"; };
		36EB01612BC400E400050CC7 /* Sachosaeng.app */ = {isa = PBXFileReference; explicitFileType = wrapper.application; includeInIndex = 0; path = Sachosaeng.app; sourceTree = BUILT_PRODUCTS_DIR; };
		36EB01642BC400E400050CC7 /* SachosaengApp.swift */ = {isa = PBXFileReference; lastKnownFileType = sourcecode.swift; path = SachosaengApp.swift; sourceTree = "<group>"; };
		36EB01662BC400E400050CC7 /* ContentView.swift */ = {isa = PBXFileReference; lastKnownFileType = sourcecode.swift; path = ContentView.swift; sourceTree = "<group>"; };
		36EB01682BC400E500050CC7 /* Assets.xcassets */ = {isa = PBXFileReference; lastKnownFileType = folder.assetcatalog; path = Assets.xcassets; sourceTree = "<group>"; };
		36EB016B2BC400E500050CC7 /* Preview Assets.xcassets */ = {isa = PBXFileReference; lastKnownFileType = folder.assetcatalog; path = "Preview Assets.xcassets"; sourceTree = "<group>"; };
		36EB01722BC4012F00050CC7 /* Config.xcconfig */ = {isa = PBXFileReference; lastKnownFileType = text.xcconfig; path = Config.xcconfig; sourceTree = "<group>"; };
		36EB01732BC401BE00050CC7 /* Info.plist */ = {isa = PBXFileReference; lastKnownFileType = text.plist.xml; path = Info.plist; sourceTree = "<group>"; };
		36EEB5E92CC504DB0023DEAC /* VoteRegistrationView.swift */ = {isa = PBXFileReference; lastKnownFileType = sourcecode.swift; path = VoteRegistrationView.swift; sourceTree = "<group>"; };
		36F8C37E2C1FFD33002B4AD7 /* Launch Screen.storyboard */ = {isa = PBXFileReference; lastKnownFileType = file.storyboard; path = "Launch Screen.storyboard"; sourceTree = "<group>"; };
		36F8D3E52C64ED1E006E4FA2 /* ConsentView.swift */ = {isa = PBXFileReference; lastKnownFileType = sourcecode.swift; path = ConsentView.swift; sourceTree = "<group>"; };
		36FD59B52C8F6EE100D8979D /* BookmarkStore.swift */ = {isa = PBXFileReference; lastKnownFileType = sourcecode.swift; path = BookmarkStore.swift; sourceTree = "<group>"; };
		36FD59B72C8F701200D8979D /* Bookmark.swift */ = {isa = PBXFileReference; lastKnownFileType = sourcecode.swift; path = Bookmark.swift; sourceTree = "<group>"; };
/* End PBXFileReference section */

/* Begin PBXFrameworksBuildPhase section */
		36EB015E2BC400E400050CC7 /* Frameworks */ = {
			isa = PBXFrameworksBuildPhase;
			buildActionMask = 2147483647;
			files = (
				3663D3DE2BE317EE007AA77A /* GoogleSignInSwift in Frameworks */,
				3689C8EE2C87498A003A153F /* Lottie in Frameworks */,
				3663D3DC2BE317EE007AA77A /* GoogleSignIn in Frameworks */,
				36F049B72C5B9FC400732F1A /* KakaoSDKUser in Frameworks */,
				36980CEC2CA6B574002C4AB3 /* SkeletonView in Frameworks */,
				36F049B12C5B9FC400732F1A /* KakaoSDK in Frameworks */,
				36F049B52C5B9FC400732F1A /* KakaoSDKCommon in Frameworks */,
				36455ED72CACFEA80006583B /* FirebaseCrashlytics in Frameworks */,
				36F049B32C5B9FC400732F1A /* KakaoSDKAuth in Frameworks */,
				36455ED42CACEDE90006583B /* FirebaseAnalytics in Frameworks */,
			);
			runOnlyForDeploymentPostprocessing = 0;
		};
/* End PBXFrameworksBuildPhase section */

/* Begin PBXGroup section */
		360C2B252C372F1D0000C0F8 /* MyPageView */ = {
			isa = PBXGroup;
			children = (
				360C2B262C372F330000C0F8 /* MyPageView.swift */,
				369595F22C50425B0098920D /* EditMyInfoView.swift */,
				36949FAD2C51CA9D009E099E /* QuitView.swift */,
				365B5D5B2C9DCB0D00AB851D /* FavoriteCategoryView.swift */,
				364E84FA2CC9FDD300EEDAF5 /* VoteHistoryView.swift */,
				3619C6692CCB681E002ABDBA /* RegisteredVoteView.swift */,
			);
			path = MyPageView;
			sourceTree = "<group>";
		};
		363C205F2C635D5B005F4026 /* Service */ = {
			isa = PBXGroup;
			children = (
				36A727F52C6C00E500942672 /* NetworkService.swift */,
				36A61B622C95713E008C6663 /* VersionService.swift */,
				366587A72C6F432E00E85259 /* UserService.swift */,
				366587A92C6F47D400E85259 /* AuthService.swift */,
				36980CE22CA63B14002C4AB3 /* UserDefaultService.swift */,
				36980CE62CA68113002C4AB3 /* KeychainService.swift */,
				36455ED82CAD40280006583B /* AnalyticsService.swift */,
			);
			path = Service;
			sourceTree = "<group>";
		};
		36562FA02C210AE0004D1836 /* Resource */ = {
			isa = PBXGroup;
			children = (
				36562FA12C210B65004D1836 /* Pretendard */,
			);
			path = Resource;
			sourceTree = "<group>";
		};
		36562FA12C210B65004D1836 /* Pretendard */ = {
			isa = PBXGroup;
			children = (
				36562FA52C210B7F004D1836 /* Pretendard-Black.otf */,
				36562FA22C210B7F004D1836 /* Pretendard-Bold.otf */,
				36562FA32C210B7F004D1836 /* Pretendard-ExtraBold.otf */,
				36562FA72C210B80004D1836 /* Pretendard-ExtraLight.otf */,
				36562FAA2C210B80004D1836 /* Pretendard-Light.otf */,
				36562FA62C210B80004D1836 /* Pretendard-Medium.otf */,
				36562FA82C210B80004D1836 /* Pretendard-Regular.otf */,
				36562FA42C210B7F004D1836 /* Pretendard-SemiBold.otf */,
				36562FA92C210B80004D1836 /* Pretendard-Thin.otf */,
			);
			path = Pretendard;
			sourceTree = "<group>";
		};
		36562FB82C21697A004D1836 /* Utility */ = {
			isa = PBXGroup;
			children = (
				36949FA72C514C9E009E099E /* Utility.swift */,
				36842BFC2C22D01A0023473D /* CommonTitle.swift */,
				36842BF42C2298E00023473D /* TempImageView.swift */,
				36949FA92C515DE2009E099E /* ToastView.swift */,
				36949FAB2C51924C009E099E /* PopupView.swift */,
				366053A62C533E03000A1D8D /* CustomTextField.swift */,
				366053A82C538210000A1D8D /* CustomTextEditor.swift */,
				36E3E6C12C9F064D002A4872 /* ViewTracker.swift */,
				36980CEF2CA786CC002C4AB3 /* MailView.swift */,
				36980CF12CA78F93002C4AB3 /* SafariView.swift */,
			);
			path = Utility;
			sourceTree = "<group>";
		};
		365A12022C38864700C18796 /* View */ = {
			isa = PBXGroup;
			children = (
				36EB01662BC400E400050CC7 /* ContentView.swift */,
				36F8D3E52C64ED1E006E4FA2 /* ConsentView.swift */,
				366057A32BC41260004F8216 /* SignView */,
				36696B652C2B7620006BFCC0 /* HomeView */,
				360C2B252C372F1D0000C0F8 /* MyPageView */,
				3671E4B72C6A091900B5FAE4 /* BookMarkView */,
			);
			path = View;
			sourceTree = "<group>";
		};
		366057A32BC41260004F8216 /* SignView */ = {
			isa = PBXGroup;
			children = (
				36CBA1522BC45C510073C50C /* SignView.swift */,
				36842BF62C22B2CB0023473D /* UserOccupationView.swift */,
				36842BFA2C22C9FF0023473D /* UserFavoriteCategoryView.swift */,
				363B66772C25A7E30098B0C1 /* SignSuccessView.swift */,
				36F8C3802C200982002B4AD7 /* Cell */,
			);
			path = SignView;
			sourceTree = "<group>";
		};
		366057A62BC4306C004F8216 /* ViewModel */ = {
			isa = PBXGroup;
			children = (
				366057A42BC41C80004F8216 /* SignStore.swift */,
				360C2B232C3718D80000C0F8 /* UserInfoStore.swift */,
				369595EE2C4FFAEB0098920D /* VoteStore.swift */,
				360C2B1F2C35893B0000C0F8 /* CategoryStore.swift */,
				36FD59B52C8F6EE100D8979D /* BookmarkStore.swift */,
				365B5D582C9D6F2D00AB851D /* TabBarStore.swift */,
			);
			path = ViewModel;
			sourceTree = "<group>";
		};
		36696B652C2B7620006BFCC0 /* HomeView */ = {
			isa = PBXGroup;
			children = (
				366DFE722C2B43DB009CD87E /* TabView.swift */,
				36BA20492C294BDC006C54E6 /* HomeView.swift */,
				3695C2C72C7B489E0057007E /* VoteDetailView.swift */,
				3622FA172C9C5763000FDE03 /* DailyVoteDetailView.swift */,
				363EFB652C834353009A70DA /* InformationView.swift */,
				36EEB5E92CC504DB0023DEAC /* VoteRegistrationView.swift */,
				3695C2C92C7B4FA70057007E /* HomeViewCell */,
				36696B662C2B762F006BFCC0 /* CategoryCell */,
			);
			path = HomeView;
			sourceTree = "<group>";
		};
		36696B662C2B762F006BFCC0 /* CategoryCell */ = {
			isa = PBXGroup;
			children = (
				36696B632C2B6900006BFCC0 /* CategoryModal.swift */,
			);
			path = CategoryCell;
			sourceTree = "<group>";
		};
		3671E4B72C6A091900B5FAE4 /* BookMarkView */ = {
			isa = PBXGroup;
			children = (
				3671E4B82C6A093800B5FAE4 /* BookmarkView.swift */,
				36C12F8F2C914EE500D91394 /* BookmarkViewCell */,
			);
			path = BookMarkView;
			sourceTree = "<group>";
		};
		3695C2C92C7B4FA70057007E /* HomeViewCell */ = {
			isa = PBXGroup;
			children = (
				36A81FDB2C2C8AC6006A9305 /* DailyVoteCell.swift */,
				36E72F752C78D0A200D1785F /* HotVoteCell.swift */,
				3695C2CE2C7B65500057007E /* VoteCellWithOutIndex.swift */,
				362E14AB2C7AEB4700C053AB /* VoteCell.swift */,
				3695C2CA2C7B4FB80057007E /* VoteDescriptionView.swift */,
				3695C2CC2C7B4FCC0057007E /* VoteResultView.swift */,
			);
			path = HomeViewCell;
			sourceTree = "<group>";
		};
		36C12F8F2C914EE500D91394 /* BookmarkViewCell */ = {
			isa = PBXGroup;
			children = (
				36C12F902C914EFF00D91394 /* VotesBookmarkCell.swift */,
				362659832C92C17400A833BE /* InformationBookmarkCell.swift */,
				360B0CC02CA1D08900524C98 /* BookmarkDeleteView.swift */,
			);
			path = BookmarkViewCell;
			sourceTree = "<group>";
		};
		36CBA1582BC45FB50073C50C /* Model */ = {
			isa = PBXGroup;
			children = (
				369595F02C503F050098920D /* Response.swift */,
				366DFE742C2B4B86009CD87E /* Vote.swift */,
				36E72F772C78D87500D1785F /* HotVote.swift */,
				360C2B1B2C35890D0000C0F8 /* Category.swift */,
				360C2B212C37184E0000C0F8 /* User.swift */,
				366053AA2C53A243000A1D8D /* PathType.swift */,
				366587AB2C6FA49F00E85259 /* Auth.swift */,
				363EFB632C832710009A70DA /* Information.swift */,
				36FD59B72C8F701200D8979D /* Bookmark.swift */,
				367B259C2C9717FF000AE532 /* Version.swift */,
				36980CE42CA65C13002C4AB3 /* AppleToken.swift */,
				364E84FC2CCA212600EEDAF5 /* History.swift */,
			);
			path = Model;
			sourceTree = "<group>";
		};
		36CBA1592BC45FC00073C50C /* Config */ = {
			isa = PBXGroup;
			children = (
				36F8C37E2C1FFD33002B4AD7 /* Launch Screen.storyboard */,
				36EB01722BC4012F00050CC7 /* Config.xcconfig */,
			);
			path = Config;
			sourceTree = "<group>";
		};
		36CBA15A2BC460E80073C50C /* Extension */ = {
			isa = PBXGroup;
			children = (
				3663D3DF2BE31A0A007AA77A /* ColorExtension.swift */,
				36562FB42C210BA6004D1836 /* FontExtension.swift */,
				36696B692C2B8241006BFCC0 /* ViewExtension.swift */,
				365A12052C388EC500C18796 /* ViewModifier.swift */,
				360B0CC22CA1E2FC00524C98 /* Image+.swift */,
				36D32A002CC9181C00007638 /* Array+.swift */,
				36D32A022CC91F7D00007638 /* Binding+.swift */,
			);
			path = Extension;
			sourceTree = "<group>";
		};
		36EB01582BC400E400050CC7 = {
			isa = PBXGroup;
			children = (
				36980CED2CA6B6BD002C4AB3 /* Settings.bundle */,
				36EB01642BC400E400050CC7 /* SachosaengApp.swift */,
				36455EDA2CAD8B360006583B /* GoogleService-Info.plist */,
				36EB01632BC400E400050CC7 /* Sachosaeng */,
				36EB01622BC400E400050CC7 /* Products */,
			);
			sourceTree = "<group>";
		};
		36EB01622BC400E400050CC7 /* Products */ = {
			isa = PBXGroup;
			children = (
				36EB01612BC400E400050CC7 /* Sachosaeng.app */,
			);
			name = Products;
			sourceTree = "<group>";
		};
		36EB01632BC400E400050CC7 /* Sachosaeng */ = {
			isa = PBXGroup;
			children = (
				36562FA02C210AE0004D1836 /* Resource */,
				36CBA1592BC45FC00073C50C /* Config */,
				36CBA15A2BC460E80073C50C /* Extension */,
				36562FB82C21697A004D1836 /* Utility */,
				36CBA1582BC45FB50073C50C /* Model */,
				363C205F2C635D5B005F4026 /* Service */,
				366057A62BC4306C004F8216 /* ViewModel */,
				365A12022C38864700C18796 /* View */,
				36EB01682BC400E500050CC7 /* Assets.xcassets */,
				36CEA3212C9301A00028F9DD /* stamplottie.json */,
				36EB01732BC401BE00050CC7 /* Info.plist */,
				36EAD7322C05BE440052FB6F /* Sachosaeng.entitlements */,
				36EB016A2BC400E500050CC7 /* Preview Content */,
			);
			path = Sachosaeng;
			sourceTree = "<group>";
		};
		36EB016A2BC400E500050CC7 /* Preview Content */ = {
			isa = PBXGroup;
			children = (
				36EB016B2BC400E500050CC7 /* Preview Assets.xcassets */,
			);
			path = "Preview Content";
			sourceTree = "<group>";
		};
		36F8C3802C200982002B4AD7 /* Cell */ = {
			isa = PBXGroup;
			children = (
				36842BFE2C22D8960023473D /* CategoryCellView.swift */,
				36842BF82C22BA990023473D /* OccupationView.swift */,
				364753A62C247F9100316779 /* CustomSliderProgressBarView.swift */,
			);
			path = Cell;
			sourceTree = "<group>";
		};
/* End PBXGroup section */

/* Begin PBXNativeTarget section */
		36EB01602BC400E400050CC7 /* Sachosaeng */ = {
			isa = PBXNativeTarget;
			buildConfigurationList = 36EB016F2BC400E500050CC7 /* Build configuration list for PBXNativeTarget "Sachosaeng" */;
			buildPhases = (
				36EB015D2BC400E400050CC7 /* Sources */,
				36EB015E2BC400E400050CC7 /* Frameworks */,
				36EB015F2BC400E400050CC7 /* Resources */,
				36D3DFD92CCE21A400052907 /* ShellScript */,
			);
			buildRules = (
			);
			dependencies = (
			);
			name = Sachosaeng;
			packageProductDependencies = (
				3663D3DB2BE317EE007AA77A /* GoogleSignIn */,
				3663D3DD2BE317EE007AA77A /* GoogleSignInSwift */,
				36F049B02C5B9FC400732F1A /* KakaoSDK */,
				36F049B22C5B9FC400732F1A /* KakaoSDKAuth */,
				36F049B42C5B9FC400732F1A /* KakaoSDKCommon */,
				36F049B62C5B9FC400732F1A /* KakaoSDKUser */,
				3689C8ED2C87498A003A153F /* Lottie */,
				36980CEB2CA6B574002C4AB3 /* SkeletonView */,
				36455ED32CACEDE90006583B /* FirebaseAnalytics */,
				36455ED62CACFEA80006583B /* FirebaseCrashlytics */,
			);
			productName = Sachosaeng;
			productReference = 36EB01612BC400E400050CC7 /* Sachosaeng.app */;
			productType = "com.apple.product-type.application";
		};
/* End PBXNativeTarget section */

/* Begin PBXProject section */
		36EB01592BC400E400050CC7 /* Project object */ = {
			isa = PBXProject;
			attributes = {
				BuildIndependentTargetsInParallel = 1;
				LastSwiftUpdateCheck = 1530;
				LastUpgradeCheck = 1530;
				TargetAttributes = {
					36EB01602BC400E400050CC7 = {
						CreatedOnToolsVersion = 15.3;
					};
				};
			};
			buildConfigurationList = 36EB015C2BC400E400050CC7 /* Build configuration list for PBXProject "Sachosaeng" */;
			compatibilityVersion = "Xcode 14.0";
			developmentRegion = en;
			hasScannedForEncodings = 0;
			knownRegions = (
				en,
				Base,
			);
			mainGroup = 36EB01582BC400E400050CC7;
			packageReferences = (
				3663D3DA2BE317EE007AA77A /* XCRemoteSwiftPackageReference "GoogleSignIn-iOS" */,
				36F049AF2C5B9FC400732F1A /* XCRemoteSwiftPackageReference "kakao-ios-sdk" */,
				3689C8EC2C87498A003A153F /* XCRemoteSwiftPackageReference "lottie-ios" */,
				36980CEA2CA6B574002C4AB3 /* XCRemoteSwiftPackageReference "SkeletonView" */,
				36455ED22CACEDE90006583B /* XCRemoteSwiftPackageReference "firebase-ios-sdk" */,
			);
			productRefGroup = 36EB01622BC400E400050CC7 /* Products */;
			projectDirPath = "";
			projectRoot = "";
			targets = (
				36EB01602BC400E400050CC7 /* Sachosaeng */,
			);
		};
/* End PBXProject section */

/* Begin PBXResourcesBuildPhase section */
		36EB015F2BC400E400050CC7 /* Resources */ = {
			isa = PBXResourcesBuildPhase;
			buildActionMask = 2147483647;
			files = (
				36562FB02C210B80004D1836 /* Pretendard-ExtraLight.otf in Resources */,
				36F8C37F2C1FFD33002B4AD7 /* Launch Screen.storyboard in Resources */,
				36455EDB2CAD8B360006583B /* GoogleService-Info.plist in Resources */,
				36562FAB2C210B80004D1836 /* Pretendard-Bold.otf in Resources */,
				36562FAC2C210B80004D1836 /* Pretendard-ExtraBold.otf in Resources */,
				36CEA3222C9301A00028F9DD /* stamplottie.json in Resources */,
				36562FAF2C210B80004D1836 /* Pretendard-Medium.otf in Resources */,
				36980CEE2CA6B6BD002C4AB3 /* Settings.bundle in Resources */,
				36562FB32C210B80004D1836 /* Pretendard-Light.otf in Resources */,
				36562FAD2C210B80004D1836 /* Pretendard-SemiBold.otf in Resources */,
				36EB016C2BC400E500050CC7 /* Preview Assets.xcassets in Resources */,
				36562FB12C210B80004D1836 /* Pretendard-Regular.otf in Resources */,
				36562FAE2C210B80004D1836 /* Pretendard-Black.otf in Resources */,
				36562FB22C210B80004D1836 /* Pretendard-Thin.otf in Resources */,
				36EB01692BC400E500050CC7 /* Assets.xcassets in Resources */,
			);
			runOnlyForDeploymentPostprocessing = 0;
		};
/* End PBXResourcesBuildPhase section */

/* Begin PBXShellScriptBuildPhase section */
		36D3DFD92CCE21A400052907 /* ShellScript */ = {
			isa = PBXShellScriptBuildPhase;
			buildActionMask = 2147483647;
			files = (
			);
			inputFileListPaths = (
			);
			inputPaths = (
				"${DWARF_DSYM_FOLDER_PATH}/${DWARF_DSYM_FILE_NAME}",
				"${DWARF_DSYM_FOLDER_PATH}/${DWARF_DSYM_FILE_NAME}/Contents/Resources/DWARF/${PRODUCT_NAME}",
				"${DWARF_DSYM_FOLDER_PATH}/${DWARF_DSYM_FILE_NAME}/Contents/Info.plist",
				"$(TARGET_BUILD_DIR)/$(UNLOCALIZED_RESOURCES_FOLDER_PATH)/GoogleService-Info.plist",
				"$(TARGET_BUILD_DIR)/$(EXECUTABLE_PATH)",
			);
			outputFileListPaths = (
			);
			outputPaths = (
			);
			runOnlyForDeploymentPostprocessing = 0;
			shellPath = /bin/sh;
			shellScript = "# Type a script or drag a script file from your workspace to insert its path.\n\"${BUILD_DIR%/Build/*}/SourcePackages/checkouts/firebase-ios-sdk/Crashlytics/run\"\n\n";
		};
/* End PBXShellScriptBuildPhase section */

/* Begin PBXSourcesBuildPhase section */
		36EB015D2BC400E400050CC7 /* Sources */ = {
			isa = PBXSourcesBuildPhase;
			buildActionMask = 2147483647;
			files = (
				36949FAA2C515DE2009E099E /* ToastView.swift in Sources */,
				36E72F762C78D0A200D1785F /* HotVoteCell.swift in Sources */,
				360C2B222C37184E0000C0F8 /* User.swift in Sources */,
				360B0CC12CA1D08900524C98 /* BookmarkDeleteView.swift in Sources */,
				360B0CC32CA1E2FC00524C98 /* Image+.swift in Sources */,
				3695C2CB2C7B4FB80057007E /* VoteDescriptionView.swift in Sources */,
				36842BFB2C22C9FF0023473D /* UserFavoriteCategoryView.swift in Sources */,
				369595F32C50425B0098920D /* EditMyInfoView.swift in Sources */,
				366DFE732C2B43DB009CD87E /* TabView.swift in Sources */,
				369595EF2C4FFAEB0098920D /* VoteStore.swift in Sources */,
				36EB01672BC400E400050CC7 /* ContentView.swift in Sources */,
				366053A72C533E03000A1D8D /* CustomTextField.swift in Sources */,
				36980CF22CA78F93002C4AB3 /* SafariView.swift in Sources */,
				365A12062C388EC500C18796 /* ViewModifier.swift in Sources */,
				36696B6A2C2B8241006BFCC0 /* ViewExtension.swift in Sources */,
				36E72F782C78D87500D1785F /* HotVote.swift in Sources */,
				367B259D2C9717FF000AE532 /* Version.swift in Sources */,
				36842BFF2C22D8960023473D /* CategoryCellView.swift in Sources */,
				366053A92C538210000A1D8D /* CustomTextEditor.swift in Sources */,
				36EEB5EA2CC504DB0023DEAC /* VoteRegistrationView.swift in Sources */,
				36C12F912C914EFF00D91394 /* VotesBookmarkCell.swift in Sources */,
				36949FAE2C51CA9D009E099E /* QuitView.swift in Sources */,
				36CBA1532BC45C510073C50C /* SignView.swift in Sources */,
				36842BF52C2298E00023473D /* TempImageView.swift in Sources */,
				36455ED92CAD40280006583B /* AnalyticsService.swift in Sources */,
				36842BF92C22BA990023473D /* OccupationView.swift in Sources */,
				360C2B202C35893B0000C0F8 /* CategoryStore.swift in Sources */,
				36D32A012CC9181C00007638 /* Array+.swift in Sources */,
				36980CE52CA65C13002C4AB3 /* AppleToken.swift in Sources */,
				366587A82C6F432E00E85259 /* UserService.swift in Sources */,
				362659842C92C17400A833BE /* InformationBookmarkCell.swift in Sources */,
				36FD59B82C8F701200D8979D /* Bookmark.swift in Sources */,
				36A61B632C95713E008C6663 /* VersionService.swift in Sources */,
				36949FA82C514C9E009E099E /* Utility.swift in Sources */,
				364E84FD2CCA212600EEDAF5 /* History.swift in Sources */,
				364E84FB2CC9FDD300EEDAF5 /* VoteHistoryView.swift in Sources */,
				36562FB52C210BA6004D1836 /* FontExtension.swift in Sources */,
				365B5D5C2C9DCB0D00AB851D /* FavoriteCategoryView.swift in Sources */,
				36EB01652BC400E400050CC7 /* SachosaengApp.swift in Sources */,
				36A81FDC2C2C8AC6006A9305 /* DailyVoteCell.swift in Sources */,
				36842BFD2C22D01A0023473D /* CommonTitle.swift in Sources */,
				366053AB2C53A243000A1D8D /* PathType.swift in Sources */,
				360C2B242C3718D80000C0F8 /* UserInfoStore.swift in Sources */,
				3695C2C82C7B489E0057007E /* VoteDetailView.swift in Sources */,
				366057A52BC41C80004F8216 /* SignStore.swift in Sources */,
				366587AA2C6F47D400E85259 /* AuthService.swift in Sources */,
				369595F12C503F050098920D /* Response.swift in Sources */,
				36980CE32CA63B14002C4AB3 /* UserDefaultService.swift in Sources */,
				36842BF72C22B2CC0023473D /* UserOccupationView.swift in Sources */,
				36D32A032CC91F7D00007638 /* Binding+.swift in Sources */,
				3619C66A2CCB681E002ABDBA /* RegisteredVoteView.swift in Sources */,
				36696B642C2B6900006BFCC0 /* CategoryModal.swift in Sources */,
				365B5D592C9D6F2D00AB851D /* TabBarStore.swift in Sources */,
				36E3E6C22C9F064D002A4872 /* ViewTracker.swift in Sources */,
				3622FA182C9C5763000FDE03 /* DailyVoteDetailView.swift in Sources */,
				363B66782C25A7E30098B0C1 /* SignSuccessView.swift in Sources */,
				360C2B272C372F330000C0F8 /* MyPageView.swift in Sources */,
				36949FAC2C51924C009E099E /* PopupView.swift in Sources */,
				366587AC2C6FA49F00E85259 /* Auth.swift in Sources */,
				36A727F62C6C00E500942672 /* NetworkService.swift in Sources */,
				363EFB642C832710009A70DA /* Information.swift in Sources */,
				3695C2CD2C7B4FCC0057007E /* VoteResultView.swift in Sources */,
				36FD59B62C8F6EE100D8979D /* BookmarkStore.swift in Sources */,
				36F8D3E62C64ED1E006E4FA2 /* ConsentView.swift in Sources */,
				3671E4B92C6A093800B5FAE4 /* BookmarkView.swift in Sources */,
				3695C2CF2C7B65500057007E /* VoteCellWithOutIndex.swift in Sources */,
				36BA204A2C294BDC006C54E6 /* HomeView.swift in Sources */,
				36980CE72CA68113002C4AB3 /* KeychainService.swift in Sources */,
				36980CF02CA786CC002C4AB3 /* MailView.swift in Sources */,
				366DFE752C2B4B86009CD87E /* Vote.swift in Sources */,
				362E14AC2C7AEB4700C053AB /* VoteCell.swift in Sources */,
				3663D3E02BE31A0A007AA77A /* ColorExtension.swift in Sources */,
				363EFB662C834353009A70DA /* InformationView.swift in Sources */,
				364753A72C247F9100316779 /* CustomSliderProgressBarView.swift in Sources */,
				360C2B1C2C35890D0000C0F8 /* Category.swift in Sources */,
			);
			runOnlyForDeploymentPostprocessing = 0;
		};
/* End PBXSourcesBuildPhase section */

/* Begin XCBuildConfiguration section */
		36EB016D2BC400E500050CC7 /* Debug */ = {
			isa = XCBuildConfiguration;
			buildSettings = {
				ALWAYS_SEARCH_USER_PATHS = NO;
				ASSETCATALOG_COMPILER_GENERATE_SWIFT_ASSET_SYMBOL_EXTENSIONS = YES;
				CLANG_ANALYZER_NONNULL = YES;
				CLANG_ANALYZER_NUMBER_OBJECT_CONVERSION = YES_AGGRESSIVE;
				CLANG_CXX_LANGUAGE_STANDARD = "gnu++20";
				CLANG_ENABLE_MODULES = YES;
				CLANG_ENABLE_OBJC_ARC = YES;
				CLANG_ENABLE_OBJC_WEAK = YES;
				CLANG_WARN_BLOCK_CAPTURE_AUTORELEASING = YES;
				CLANG_WARN_BOOL_CONVERSION = YES;
				CLANG_WARN_COMMA = YES;
				CLANG_WARN_CONSTANT_CONVERSION = YES;
				CLANG_WARN_DEPRECATED_OBJC_IMPLEMENTATIONS = YES;
				CLANG_WARN_DIRECT_OBJC_ISA_USAGE = YES_ERROR;
				CLANG_WARN_DOCUMENTATION_COMMENTS = YES;
				CLANG_WARN_EMPTY_BODY = YES;
				CLANG_WARN_ENUM_CONVERSION = YES;
				CLANG_WARN_INFINITE_RECURSION = YES;
				CLANG_WARN_INT_CONVERSION = YES;
				CLANG_WARN_NON_LITERAL_NULL_CONVERSION = YES;
				CLANG_WARN_OBJC_IMPLICIT_RETAIN_SELF = YES;
				CLANG_WARN_OBJC_LITERAL_CONVERSION = YES;
				CLANG_WARN_OBJC_ROOT_CLASS = YES_ERROR;
				CLANG_WARN_QUOTED_INCLUDE_IN_FRAMEWORK_HEADER = YES;
				CLANG_WARN_RANGE_LOOP_ANALYSIS = YES;
				CLANG_WARN_STRICT_PROTOTYPES = YES;
				CLANG_WARN_SUSPICIOUS_MOVE = YES;
				CLANG_WARN_UNGUARDED_AVAILABILITY = YES_AGGRESSIVE;
				CLANG_WARN_UNREACHABLE_CODE = YES;
				CLANG_WARN__DUPLICATE_METHOD_MATCH = YES;
				COPY_PHASE_STRIP = NO;
				DEBUG_INFORMATION_FORMAT = dwarf;
				ENABLE_STRICT_OBJC_MSGSEND = YES;
				ENABLE_TESTABILITY = YES;
				ENABLE_USER_SCRIPT_SANDBOXING = YES;
				GCC_C_LANGUAGE_STANDARD = gnu17;
				GCC_DYNAMIC_NO_PIC = NO;
				GCC_NO_COMMON_BLOCKS = YES;
				GCC_OPTIMIZATION_LEVEL = 0;
				GCC_PREPROCESSOR_DEFINITIONS = (
					"DEBUG=1",
					"$(inherited)",
				);
				GCC_WARN_64_TO_32_BIT_CONVERSION = YES;
				GCC_WARN_ABOUT_RETURN_TYPE = YES_ERROR;
				GCC_WARN_UNDECLARED_SELECTOR = YES;
				GCC_WARN_UNINITIALIZED_AUTOS = YES_AGGRESSIVE;
				GCC_WARN_UNUSED_FUNCTION = YES;
				GCC_WARN_UNUSED_VARIABLE = YES;
				IPHONEOS_DEPLOYMENT_TARGET = 15.0;
				LOCALIZATION_PREFERS_STRING_CATALOGS = YES;
				MTL_ENABLE_DEBUG_INFO = INCLUDE_SOURCE;
				MTL_FAST_MATH = YES;
				ONLY_ACTIVE_ARCH = YES;
				SDKROOT = iphoneos;
				SWIFT_ACTIVE_COMPILATION_CONDITIONS = "DEBUG $(inherited)";
				SWIFT_OPTIMIZATION_LEVEL = "-Onone";
				_EXPERIMENTAL_SWIFT_EXPLICIT_MODULES = YES;
			};
			name = Debug;
		};
		36EB016E2BC400E500050CC7 /* Release */ = {
			isa = XCBuildConfiguration;
			buildSettings = {
				ALWAYS_SEARCH_USER_PATHS = NO;
				ASSETCATALOG_COMPILER_GENERATE_SWIFT_ASSET_SYMBOL_EXTENSIONS = YES;
				CLANG_ANALYZER_NONNULL = YES;
				CLANG_ANALYZER_NUMBER_OBJECT_CONVERSION = YES_AGGRESSIVE;
				CLANG_CXX_LANGUAGE_STANDARD = "gnu++20";
				CLANG_ENABLE_MODULES = YES;
				CLANG_ENABLE_OBJC_ARC = YES;
				CLANG_ENABLE_OBJC_WEAK = YES;
				CLANG_WARN_BLOCK_CAPTURE_AUTORELEASING = YES;
				CLANG_WARN_BOOL_CONVERSION = YES;
				CLANG_WARN_COMMA = YES;
				CLANG_WARN_CONSTANT_CONVERSION = YES;
				CLANG_WARN_DEPRECATED_OBJC_IMPLEMENTATIONS = YES;
				CLANG_WARN_DIRECT_OBJC_ISA_USAGE = YES_ERROR;
				CLANG_WARN_DOCUMENTATION_COMMENTS = YES;
				CLANG_WARN_EMPTY_BODY = YES;
				CLANG_WARN_ENUM_CONVERSION = YES;
				CLANG_WARN_INFINITE_RECURSION = YES;
				CLANG_WARN_INT_CONVERSION = YES;
				CLANG_WARN_NON_LITERAL_NULL_CONVERSION = YES;
				CLANG_WARN_OBJC_IMPLICIT_RETAIN_SELF = YES;
				CLANG_WARN_OBJC_LITERAL_CONVERSION = YES;
				CLANG_WARN_OBJC_ROOT_CLASS = YES_ERROR;
				CLANG_WARN_QUOTED_INCLUDE_IN_FRAMEWORK_HEADER = YES;
				CLANG_WARN_RANGE_LOOP_ANALYSIS = YES;
				CLANG_WARN_STRICT_PROTOTYPES = YES;
				CLANG_WARN_SUSPICIOUS_MOVE = YES;
				CLANG_WARN_UNGUARDED_AVAILABILITY = YES_AGGRESSIVE;
				CLANG_WARN_UNREACHABLE_CODE = YES;
				CLANG_WARN__DUPLICATE_METHOD_MATCH = YES;
				COPY_PHASE_STRIP = NO;
				DEBUG_INFORMATION_FORMAT = dwarf;
				ENABLE_NS_ASSERTIONS = NO;
				ENABLE_STRICT_OBJC_MSGSEND = YES;
				ENABLE_USER_SCRIPT_SANDBOXING = YES;
				GCC_C_LANGUAGE_STANDARD = gnu17;
				GCC_NO_COMMON_BLOCKS = YES;
				GCC_WARN_64_TO_32_BIT_CONVERSION = YES;
				GCC_WARN_ABOUT_RETURN_TYPE = YES_ERROR;
				GCC_WARN_UNDECLARED_SELECTOR = YES;
				GCC_WARN_UNINITIALIZED_AUTOS = YES_AGGRESSIVE;
				GCC_WARN_UNUSED_FUNCTION = YES;
				GCC_WARN_UNUSED_VARIABLE = YES;
				IPHONEOS_DEPLOYMENT_TARGET = 15.0;
				LOCALIZATION_PREFERS_STRING_CATALOGS = YES;
				MTL_ENABLE_DEBUG_INFO = NO;
				MTL_FAST_MATH = YES;
				SDKROOT = iphoneos;
				SWIFT_COMPILATION_MODE = wholemodule;
				VALIDATE_PRODUCT = YES;
				_EXPERIMENTAL_SWIFT_EXPLICIT_MODULES = YES;
			};
			name = Release;
		};
		36EB01702BC400E500050CC7 /* Debug */ = {
			isa = XCBuildConfiguration;
			baseConfigurationReference = 36EB01722BC4012F00050CC7 /* Config.xcconfig */;
			buildSettings = {
				ASSETCATALOG_COMPILER_APPICON_NAME = AppIcon;
				ASSETCATALOG_COMPILER_GLOBAL_ACCENT_COLOR_NAME = AccentColor;
				CODE_SIGN_ENTITLEMENTS = Sachosaeng/Sachosaeng.entitlements;
				CODE_SIGN_STYLE = Automatic;
				CURRENT_PROJECT_VERSION = 3;
				DEBUG_INFORMATION_FORMAT = "dwarf-with-dsym";
				DEVELOPMENT_ASSET_PATHS = "\"Sachosaeng/Preview Content\"";
				DEVELOPMENT_TEAM = DZLBBL27FT;
				ENABLE_PREVIEWS = YES;
				ENABLE_USER_SCRIPT_SANDBOXING = NO;
				GENERATE_INFOPLIST_FILE = YES;
				INFOPLIST_FILE = Sachosaeng/Info.plist;
				INFOPLIST_KEY_CFBundleDisplayName = "";
				INFOPLIST_KEY_LSApplicationCategoryType = "";
				INFOPLIST_KEY_NSHumanReadableCopyright = "";
				INFOPLIST_KEY_UIApplicationSceneManifest_Generation = YES;
				INFOPLIST_KEY_UIApplicationSupportsIndirectInputEvents = YES;
				INFOPLIST_KEY_UILaunchStoryboardName = "Launch Screen.storyboard";
				INFOPLIST_KEY_UISupportedInterfaceOrientations = UIInterfaceOrientationPortrait;
				INFOPLIST_KEY_UISupportedInterfaceOrientations_iPad = "UIInterfaceOrientationLandscapeLeft UIInterfaceOrientationLandscapeRight UIInterfaceOrientationPortrait UIInterfaceOrientationPortraitUpsideDown";
				INFOPLIST_KEY_UIUserInterfaceStyle = Light;
				IPHONEOS_DEPLOYMENT_TARGET = 16.0;
				LD_RUNPATH_SEARCH_PATHS = (
					"$(inherited)",
					"@executable_path/Frameworks",
				);
				MARKETING_VERSION = 1.1.1;
				PRODUCT_BUNDLE_IDENTIFIER = com.Prography.Sachosaeng;
				PRODUCT_NAME = "$(TARGET_NAME)";
				SUPPORTED_PLATFORMS = "iphoneos iphonesimulator";
				SUPPORTS_MACCATALYST = NO;
				SUPPORTS_MAC_DESIGNED_FOR_IPHONE_IPAD = NO;
				SUPPORTS_XR_DESIGNED_FOR_IPHONE_IPAD = NO;
				SWIFT_EMIT_LOC_STRINGS = YES;
				SWIFT_VERSION = 5.0;
				TARGETED_DEVICE_FAMILY = 1;
			};
			name = Debug;
		};
		36EB01712BC400E500050CC7 /* Release */ = {
			isa = XCBuildConfiguration;
			baseConfigurationReference = 36EB01722BC4012F00050CC7 /* Config.xcconfig */;
			buildSettings = {
				ASSETCATALOG_COMPILER_APPICON_NAME = AppIcon;
				ASSETCATALOG_COMPILER_GLOBAL_ACCENT_COLOR_NAME = AccentColor;
				CODE_SIGN_ENTITLEMENTS = Sachosaeng/Sachosaeng.entitlements;
				CODE_SIGN_STYLE = Automatic;
				CURRENT_PROJECT_VERSION = 3;
				DEBUG_INFORMATION_FORMAT = "dwarf-with-dsym";
				DEVELOPMENT_ASSET_PATHS = "\"Sachosaeng/Preview Content\"";
				DEVELOPMENT_TEAM = DZLBBL27FT;
				ENABLE_PREVIEWS = YES;
				ENABLE_USER_SCRIPT_SANDBOXING = NO;
				GENERATE_INFOPLIST_FILE = YES;
				INFOPLIST_FILE = Sachosaeng/Info.plist;
				INFOPLIST_KEY_CFBundleDisplayName = "";
				INFOPLIST_KEY_LSApplicationCategoryType = "";
				INFOPLIST_KEY_NSHumanReadableCopyright = "";
				INFOPLIST_KEY_UIApplicationSceneManifest_Generation = YES;
				INFOPLIST_KEY_UIApplicationSupportsIndirectInputEvents = YES;
				INFOPLIST_KEY_UILaunchStoryboardName = "Launch Screen.storyboard";
				INFOPLIST_KEY_UISupportedInterfaceOrientations = UIInterfaceOrientationPortrait;
				INFOPLIST_KEY_UISupportedInterfaceOrientations_iPad = "UIInterfaceOrientationLandscapeLeft UIInterfaceOrientationLandscapeRight UIInterfaceOrientationPortrait UIInterfaceOrientationPortraitUpsideDown";
				INFOPLIST_KEY_UIUserInterfaceStyle = Light;
				IPHONEOS_DEPLOYMENT_TARGET = 16.0;
				LD_RUNPATH_SEARCH_PATHS = (
					"$(inherited)",
					"@executable_path/Frameworks",
				);
				MARKETING_VERSION = 1.1.1;
				PRODUCT_BUNDLE_IDENTIFIER = com.Prography.Sachosaeng;
				PRODUCT_NAME = "$(TARGET_NAME)";
				SUPPORTED_PLATFORMS = "iphoneos iphonesimulator";
				SUPPORTS_MACCATALYST = NO;
				SUPPORTS_MAC_DESIGNED_FOR_IPHONE_IPAD = NO;
				SUPPORTS_XR_DESIGNED_FOR_IPHONE_IPAD = NO;
				SWIFT_EMIT_LOC_STRINGS = YES;
				SWIFT_VERSION = 5.0;
				TARGETED_DEVICE_FAMILY = 1;
			};
			name = Release;
		};
/* End XCBuildConfiguration section */

/* Begin XCConfigurationList section */
		36EB015C2BC400E400050CC7 /* Build configuration list for PBXProject "Sachosaeng" */ = {
			isa = XCConfigurationList;
			buildConfigurations = (
				36EB016D2BC400E500050CC7 /* Debug */,
				36EB016E2BC400E500050CC7 /* Release */,
			);
			defaultConfigurationIsVisible = 0;
			defaultConfigurationName = Release;
		};
		36EB016F2BC400E500050CC7 /* Build configuration list for PBXNativeTarget "Sachosaeng" */ = {
			isa = XCConfigurationList;
			buildConfigurations = (
				36EB01702BC400E500050CC7 /* Debug */,
				36EB01712BC400E500050CC7 /* Release */,
			);
			defaultConfigurationIsVisible = 0;
			defaultConfigurationName = Release;
		};
/* End XCConfigurationList section */

/* Begin XCRemoteSwiftPackageReference section */
		36455ED22CACEDE90006583B /* XCRemoteSwiftPackageReference "firebase-ios-sdk" */ = {
			isa = XCRemoteSwiftPackageReference;
			repositoryURL = "https://github.com/firebase/firebase-ios-sdk";
			requirement = {
				kind = upToNextMajorVersion;
				minimumVersion = 11.3.0;
			};
		};
		3663D3DA2BE317EE007AA77A /* XCRemoteSwiftPackageReference "GoogleSignIn-iOS" */ = {
			isa = XCRemoteSwiftPackageReference;
			repositoryURL = "https://github.com/google/GoogleSignIn-iOS";
			requirement = {
				kind = upToNextMajorVersion;
				minimumVersion = 7.1.0;
			};
		};
		3689C8EC2C87498A003A153F /* XCRemoteSwiftPackageReference "lottie-ios" */ = {
			isa = XCRemoteSwiftPackageReference;
			repositoryURL = "https://github.com/airbnb/lottie-ios";
			requirement = {
				kind = upToNextMajorVersion;
				minimumVersion = 4.5.0;
			};
		};
		36980CEA2CA6B574002C4AB3 /* XCRemoteSwiftPackageReference "SkeletonView" */ = {
			isa = XCRemoteSwiftPackageReference;
			repositoryURL = "https://github.com/Juanpe/SkeletonView";
			requirement = {
				kind = upToNextMajorVersion;
				minimumVersion = 1.31.0;
			};
		};
		36F049AF2C5B9FC400732F1A /* XCRemoteSwiftPackageReference "kakao-ios-sdk" */ = {
			isa = XCRemoteSwiftPackageReference;
			repositoryURL = "https://github.com/kakao/kakao-ios-sdk";
			requirement = {
				kind = upToNextMajorVersion;
				minimumVersion = 2.22.5;
			};
		};
/* End XCRemoteSwiftPackageReference section */

/* Begin XCSwiftPackageProductDependency section */
		36455ED32CACEDE90006583B /* FirebaseAnalytics */ = {
			isa = XCSwiftPackageProductDependency;
			package = 36455ED22CACEDE90006583B /* XCRemoteSwiftPackageReference "firebase-ios-sdk" */;
			productName = FirebaseAnalytics;
		};
		36455ED62CACFEA80006583B /* FirebaseCrashlytics */ = {
			isa = XCSwiftPackageProductDependency;
			productName = FirebaseCrashlytics;
		};
		3663D3DB2BE317EE007AA77A /* GoogleSignIn */ = {
			isa = XCSwiftPackageProductDependency;
			package = 3663D3DA2BE317EE007AA77A /* XCRemoteSwiftPackageReference "GoogleSignIn-iOS" */;
			productName = GoogleSignIn;
		};
		3663D3DD2BE317EE007AA77A /* GoogleSignInSwift */ = {
			isa = XCSwiftPackageProductDependency;
			package = 3663D3DA2BE317EE007AA77A /* XCRemoteSwiftPackageReference "GoogleSignIn-iOS" */;
			productName = GoogleSignInSwift;
		};
		3689C8ED2C87498A003A153F /* Lottie */ = {
			isa = XCSwiftPackageProductDependency;
			package = 3689C8EC2C87498A003A153F /* XCRemoteSwiftPackageReference "lottie-ios" */;
			productName = Lottie;
		};
		36980CEB2CA6B574002C4AB3 /* SkeletonView */ = {
			isa = XCSwiftPackageProductDependency;
			package = 36980CEA2CA6B574002C4AB3 /* XCRemoteSwiftPackageReference "SkeletonView" */;
			productName = SkeletonView;
		};
		36F049B02C5B9FC400732F1A /* KakaoSDK */ = {
			isa = XCSwiftPackageProductDependency;
			package = 36F049AF2C5B9FC400732F1A /* XCRemoteSwiftPackageReference "kakao-ios-sdk" */;
			productName = KakaoSDK;
		};
		36F049B22C5B9FC400732F1A /* KakaoSDKAuth */ = {
			isa = XCSwiftPackageProductDependency;
			package = 36F049AF2C5B9FC400732F1A /* XCRemoteSwiftPackageReference "kakao-ios-sdk" */;
			productName = KakaoSDKAuth;
		};
		36F049B42C5B9FC400732F1A /* KakaoSDKCommon */ = {
			isa = XCSwiftPackageProductDependency;
			package = 36F049AF2C5B9FC400732F1A /* XCRemoteSwiftPackageReference "kakao-ios-sdk" */;
			productName = KakaoSDKCommon;
		};
		36F049B62C5B9FC400732F1A /* KakaoSDKUser */ = {
			isa = XCSwiftPackageProductDependency;
			package = 36F049AF2C5B9FC400732F1A /* XCRemoteSwiftPackageReference "kakao-ios-sdk" */;
			productName = KakaoSDKUser;
		};
/* End XCSwiftPackageProductDependency section */
	};
	rootObject = 36EB01592BC400E400050CC7 /* Project object */;
}
